Microsoft Visual Studio Solution File, Format Version 12.00
# Visual Studio 15
Project("{2150E333-8FDC-42A3-9474-1A3956D46DE8}") = "CMakePredefinedTargets", "CMakePredefinedTargets", "{6EFE4FCF-7EB9-3D87-96A4-B1FCD297A20E}"
EndProject
Project("{2150E333-8FDC-42A3-9474-1A3956D46DE8}") = "GLFW3", "GLFW3", "{14D6D8B7-B1B3-397E-8F10-8C5AFA3310FD}"
EndProject
Project("{2150E333-8FDC-42A3-9474-1A3956D46DE8}") = "Examples", "GLFW3\Examples", "{86CCF0F8-3E51-3551-AF8B-D6E73B5B89B3}"
EndProject
Project("{2150E333-8FDC-42A3-9474-1A3956D46DE8}") = "Tests", "GLFW3\Tests", "{16A74CBD-4D51-334E-AC56-2731A1409B96}"
EndProject
Project("{8BC9CEB8-8B4A-11D0-8D11-00A0C91BC942}") = "ALL_BUILD", "ALL_BUILD.vcxproj", "{CE5E8D24-C225-3C04-8A34-355859A29CE8}"
	ProjectSection(ProjectDependencies) = postProject
		{B2698603-7F17-3571-9B0A-4340820932B0} = {B2698603-7F17-3571-9B0A-4340820932B0}
		{C106F3D3-C018-34A6-A2B6-38336A0E73E8} = {C106F3D3-C018-34A6-A2B6-38336A0E73E8}
		{78F6B621-FF06-37BE-8588-81A1970F1763} = {78F6B621-FF06-37BE-8588-81A1970F1763}
		{FE51ADA1-64B9-32C2-9B69-1ADD3960CE4E} = {FE51ADA1-64B9-32C2-9B69-1ADD3960CE4E}
		{8EAB9742-DF19-3028-AC89-9D49523AFA6A} = {8EAB9742-DF19-3028-AC89-9D49523AFA6A}
		{6FA9011B-9331-3980-8242-39C00D453167} = {6FA9011B-9331-3980-8242-39C00D453167}
		{7AD41B32-C446-3A86-9E86-08203C9975CD} = {7AD41B32-C446-3A86-9E86-08203C9975CD}
		{E4EE14D4-C8D0-33CE-A3D6-0CF17ADE86B0} = {E4EE14D4-C8D0-33CE-A3D6-0CF17ADE86B0}
		{EA4A3F87-144F-3921-94A2-0C7173AB75A9} = {EA4A3F87-144F-3921-94A2-0C7173AB75A9}
		{A56002CF-317B-39DD-889A-9EE673E97042} = {A56002CF-317B-39DD-889A-9EE673E97042}
		{4D0FC816-6359-38E8-9B36-73B883F2B4D2} = {4D0FC816-6359-38E8-9B36-73B883F2B4D2}
		{FDCE5E03-AF67-3D5D-A56A-AEFECCF7109A} = {FDCE5E03-AF67-3D5D-A56A-AEFECCF7109A}
		{B7970E31-C55C-3090-AD76-C06CB5697E12} = {B7970E31-C55C-3090-AD76-C06CB5697E12}
		{C6608A3B-A579-3A67-AE8A-E01111A364BE} = {C6608A3B-A579-3A67-AE8A-E01111A364BE}
		{70DC9607-03E8-3F24-A4B2-AED22B46E7A0} = {70DC9607-03E8-3F24-A4B2-AED22B46E7A0}
		{485EAE47-A81D-3E5C-BEB5-4366FA428900} = {485EAE47-A81D-3E5C-BEB5-4366FA428900}
		{C3EF2EE8-6876-3788-AA49-A4831CE44295} = {C3EF2EE8-6876-3788-AA49-A4831CE44295}
		{3A7B8670-6B35-3DBD-9C8C-5D29183BFE4E} = {3A7B8670-6B35-3DBD-9C8C-5D29183BFE4E}
		{3BD86F75-D90C-30CD-93F2-76D484A5DFFB} = {3BD86F75-D90C-30CD-93F2-76D484A5DFFB}
		{8851E8C6-76F4-3135-8905-B5DF82F26548} = {8851E8C6-76F4-3135-8905-B5DF82F26548}
		{BBEDC4A0-E3B9-35A2-A80C-77C805632716} = {BBEDC4A0-E3B9-35A2-A80C-77C805632716}
		{1ABCEF82-C0BB-3F03-AB42-90F0AE847D98} = {1ABCEF82-C0BB-3F03-AB42-90F0AE847D98}
		{D488AE9F-18B2-3E18-8CDE-EA2ED2FD047A} = {D488AE9F-18B2-3E18-8CDE-EA2ED2FD047A}
		{8EACB996-0127-3682-9618-DC79887770E5} = {8EACB996-0127-3682-9618-DC79887770E5}
		{16487883-61E7-33A6-B348-C715E38CF9DA} = {16487883-61E7-33A6-B348-C715E38CF9DA}
		{BA5BEAF4-00C2-34BC-96D0-C36A3BBB13A7} = {BA5BEAF4-00C2-34BC-96D0-C36A3BBB13A7}
		{E1CA3410-CDC9-3573-A47A-1B6D477188CC} = {E1CA3410-CDC9-3573-A47A-1B6D477188CC}
		{35A132FA-6316-37C9-966B-3A8214C2B51B} = {35A132FA-6316-37C9-966B-3A8214C2B51B}
		{50DCD2E6-4072-33D6-BEF4-DB17BBEDF726} = {50DCD2E6-4072-33D6-BEF4-DB17BBEDF726}
		{CD0ECF2A-2BC7-32CE-90A3-D2F49E4D2569} = {CD0ECF2A-2BC7-32CE-90A3-D2F49E4D2569}
		{7C6C84B1-DEC3-37C2-A0D8-56610BFFC59B} = {7C6C84B1-DEC3-37C2-A0D8-56610BFFC59B}
		{19E0D10D-2CC4-325B-B28F-E92CFDEB42B4} = {19E0D10D-2CC4-325B-B28F-E92CFDEB42B4}
		{ED4D4A6E-8184-3518-9FC0-75ACF067EA0F} = {ED4D4A6E-8184-3518-9FC0-75ACF067EA0F}
		{ADDE39B7-0EFB-3DCA-B8B1-37B05CAF6CE2} = {ADDE39B7-0EFB-3DCA-B8B1-37B05CAF6CE2}
		{114CA7FF-FCF6-359A-B619-FF33E30611DF} = {114CA7FF-FCF6-359A-B619-FF33E30611DF}
		{5793252A-E937-35DD-900F-4DAE07131A1A} = {5793252A-E937-35DD-900F-4DAE07131A1A}
		{D31CEB75-04B2-3302-B719-B3885E49262A} = {D31CEB75-04B2-3302-B719-B3885E49262A}
		{CBE68949-3BD0-33ED-8FE9-07BB236B1A3A} = {CBE68949-3BD0-33ED-8FE9-07BB236B1A3A}
		{9FCB33BD-4F3A-3E07-9D01-F9B284A76A69} = {9FCB33BD-4F3A-3E07-9D01-F9B284A76A69}
		{1A1B6CB5-1703-3465-A50C-DBF116AD275D} = {1A1B6CB5-1703-3465-A50C-DBF116AD275D}
		{23A3BD79-1571-3480-BFC6-18ED1CE154A1} = {23A3BD79-1571-3480-BFC6-18ED1CE154A1}
		{5B42DB4A-6169-343D-B930-FA13EEB12AC7} = {5B42DB4A-6169-343D-B930-FA13EEB12AC7}
		{D8F31D8D-B136-338F-92E7-17DADFA5A661} = {D8F31D8D-B136-338F-92E7-17DADFA5A661}
		{D109082B-5D87-35F6-828F-A225819923C8} = {D109082B-5D87-35F6-828F-A225819923C8}
		{72797651-8F6A-3CE0-ABE6-3AD3F71E2E22} = {72797651-8F6A-3CE0-ABE6-3AD3F71E2E22}
		{1589D98A-36B3-363F-A314-D46775FFD38A} = {1589D98A-36B3-363F-A314-D46775FFD38A}
		{DBF3014F-C53A-3C62-A871-B7184D1CB28E} = {DBF3014F-C53A-3C62-A871-B7184D1CB28E}
		{D1B740CC-4B4C-31BC-B926-EFA93CFF757C} = {D1B740CC-4B4C-31BC-B926-EFA93CFF757C}
		{D78F47A6-8867-3D8A-B236-378E97F10B61} = {D78F47A6-8867-3D8A-B236-378E97F10B61}
		{6A646AA3-B482-3BA8-B8DB-0E0AC1F874D2} = {6A646AA3-B482-3BA8-B8DB-0E0AC1F874D2}
		{5190DA31-2E8A-3F95-BE23-5808A7773460} = {5190DA31-2E8A-3F95-BE23-5808A7773460}
		{178FC3E1-1C9B-312B-ABE5-4B3F01703327} = {178FC3E1-1C9B-312B-ABE5-4B3F01703327}
		{2C4BA761-FFFD-30BD-8785-9ADA0BD45D5C} = {2C4BA761-FFFD-30BD-8785-9ADA0BD45D5C}
		{0CB6216E-3635-39B2-AD85-07BAEDB1E2D0} = {0CB6216E-3635-39B2-AD85-07BAEDB1E2D0}
		{3B0824C5-6810-3264-8B53-1508284AC3C4} = {3B0824C5-6810-3264-8B53-1508284AC3C4}
		{91501B08-CA66-360D-91DA-EC526AB72FE3} = {91501B08-CA66-360D-91DA-EC526AB72FE3}
		{103AA357-226F-372B-A5E8-18FB61578FE7} = {103AA357-226F-372B-A5E8-18FB61578FE7}
		{068FE294-78C2-31A2-9369-F4606AF09666} = {068FE294-78C2-31A2-9369-F4606AF09666}
		{005F8E7C-B0F8-3FA2-8603-37AF0F655911} = {005F8E7C-B0F8-3FA2-8603-37AF0F655911}
	EndProjectSection
EndProject
Project("{8BC9CEB8-8B4A-11D0-8D11-00A0C91BC942}") = "ANTTWEAKBAR_116_OGLCORE_GLFW", "external\ANTTWEAKBAR_116_OGLCORE_GLFW.vcxproj", "{B2698603-7F17-3571-9B0A-4340820932B0}"
	ProjectSection(ProjectDependencies) = postProject
		{7AD41B32-C446-3A86-9E86-08203C9975CD} = {7AD41B32-C446-3A86-9E86-08203C9975CD}
	EndProjectSection
EndProject
Project("{8BC9CEB8-8B4A-11D0-8D11-00A0C91BC942}") = "BulletCollision", "external\bullet-2.81-rev2613\src\BulletCollision\BulletCollision.vcxproj", "{C106F3D3-C018-34A6-A2B6-38336A0E73E8}"
	ProjectSection(ProjectDependencies) = postProject
		{7AD41B32-C446-3A86-9E86-08203C9975CD} = {7AD41B32-C446-3A86-9E86-08203C9975CD}
	EndProjectSection
EndProject
Project("{8BC9CEB8-8B4A-11D0-8D11-00A0C91BC942}") = "BulletDynamics", "external\bullet-2.81-rev2613\src\BulletDynamics\BulletDynamics.vcxproj", "{78F6B621-FF06-37BE-8588-81A1970F1763}"
	ProjectSection(ProjectDependencies) = postProject
		{7AD41B32-C446-3A86-9E86-08203C9975CD} = {7AD41B32-C446-3A86-9E86-08203C9975CD}
	EndProjectSection
EndProject
Project("{8BC9CEB8-8B4A-11D0-8D11-00A0C91BC942}") = "BulletSoftBody", "external\bullet-2.81-rev2613\src\BulletSoftBody\BulletSoftBody.vcxproj", "{FE51ADA1-64B9-32C2-9B69-1ADD3960CE4E}"
	ProjectSection(ProjectDependencies) = postProject
		{7AD41B32-C446-3A86-9E86-08203C9975CD} = {7AD41B32-C446-3A86-9E86-08203C9975CD}
	EndProjectSection
EndProject
Project("{8BC9CEB8-8B4A-11D0-8D11-00A0C91BC942}") = "GLEW_1130", "external\GLEW_1130.vcxproj", "{8EAB9742-DF19-3028-AC89-9D49523AFA6A}"
	ProjectSection(ProjectDependencies) = postProject
		{7AD41B32-C446-3A86-9E86-08203C9975CD} = {7AD41B32-C446-3A86-9E86-08203C9975CD}
	EndProjectSection
EndProject
Project("{8BC9CEB8-8B4A-11D0-8D11-00A0C91BC942}") = "INSTALL", "INSTALL.vcxproj", "{5AC33557-A69D-3E09-B57F-F6164A6CFE10}"
	ProjectSection(ProjectDependencies) = postProject
		{CE5E8D24-C225-3C04-8A34-355859A29CE8} = {CE5E8D24-C225-3C04-8A34-355859A29CE8}
		{7AD41B32-C446-3A86-9E86-08203C9975CD} = {7AD41B32-C446-3A86-9E86-08203C9975CD}
	EndProjectSection
EndProject
Project("{8BC9CEB8-8B4A-11D0-8D11-00A0C91BC942}") = "LinearMath", "external\bullet-2.81-rev2613\src\LinearMath\LinearMath.vcxproj", "{6FA9011B-9331-3980-8242-39C00D453167}"
	ProjectSection(ProjectDependencies) = postProject
		{7AD41B32-C446-3A86-9E86-08203C9975CD} = {7AD41B32-C446-3A86-9E86-08203C9975CD}
	EndProjectSection
EndProject
Project("{8BC9CEB8-8B4A-11D0-8D11-00A0C91BC942}") = "ZERO_CHECK", "ZERO_CHECK.vcxproj", "{7AD41B32-C446-3A86-9E86-08203C9975CD}"
	ProjectSection(ProjectDependencies) = postProject
	EndProjectSection
EndProject
Project("{8BC9CEB8-8B4A-11D0-8D11-00A0C91BC942}") = "assimp", "external\assimp-3.0.1270\code\assimp.vcxproj", "{E4EE14D4-C8D0-33CE-A3D6-0CF17ADE86B0}"
	ProjectSection(ProjectDependencies) = postProject
		{7AD41B32-C446-3A86-9E86-08203C9975CD} = {7AD41B32-C446-3A86-9E86-08203C9975CD}
		{005F8E7C-B0F8-3FA2-8603-37AF0F655911} = {005F8E7C-B0F8-3FA2-8603-37AF0F655911}
	EndProjectSection
EndProject
Project("{8BC9CEB8-8B4A-11D0-8D11-00A0C91BC942}") = "boing", "external\glfw-3.1.2\examples\boing.vcxproj", "{EA4A3F87-144F-3921-94A2-0C7173AB75A9}"
	ProjectSection(ProjectDependencies) = postProject
		{7AD41B32-C446-3A86-9E86-08203C9975CD} = {7AD41B32-C446-3A86-9E86-08203C9975CD}
		{485EAE47-A81D-3E5C-BEB5-4366FA428900} = {485EAE47-A81D-3E5C-BEB5-4366FA428900}
	EndProjectSection
EndProject
Project("{8BC9CEB8-8B4A-11D0-8D11-00A0C91BC942}") = "clipboard", "external\glfw-3.1.2\tests\clipboard.vcxproj", "{A56002CF-317B-39DD-889A-9EE673E97042}"
	ProjectSection(ProjectDependencies) = postProject
		{7AD41B32-C446-3A86-9E86-08203C9975CD} = {7AD41B32-C446-3A86-9E86-08203C9975CD}
		{485EAE47-A81D-3E5C-BEB5-4366FA428900} = {485EAE47-A81D-3E5C-BEB5-4366FA428900}
	EndProjectSection
EndProject
Project("{8BC9CEB8-8B4A-11D0-8D11-00A0C91BC942}") = "cursor", "external\glfw-3.1.2\tests\cursor.vcxproj", "{4D0FC816-6359-38E8-9B36-73B883F2B4D2}"
	ProjectSection(ProjectDependencies) = postProject
		{7AD41B32-C446-3A86-9E86-08203C9975CD} = {7AD41B32-C446-3A86-9E86-08203C9975CD}
		{485EAE47-A81D-3E5C-BEB5-4366FA428900} = {485EAE47-A81D-3E5C-BEB5-4366FA428900}
	EndProjectSection
EndProject
Project("{8BC9CEB8-8B4A-11D0-8D11-00A0C91BC942}") = "empty", "external\glfw-3.1.2\tests\empty.vcxproj", "{FDCE5E03-AF67-3D5D-A56A-AEFECCF7109A}"
	ProjectSection(ProjectDependencies) = postProject
		{7AD41B32-C446-3A86-9E86-08203C9975CD} = {7AD41B32-C446-3A86-9E86-08203C9975CD}
		{485EAE47-A81D-3E5C-BEB5-4366FA428900} = {485EAE47-A81D-3E5C-BEB5-4366FA428900}
	EndProjectSection
EndProject
Project("{8BC9CEB8-8B4A-11D0-8D11-00A0C91BC942}") = "events", "external\glfw-3.1.2\tests\events.vcxproj", "{B7970E31-C55C-3090-AD76-C06CB5697E12}"
	ProjectSection(ProjectDependencies) = postProject
		{7AD41B32-C446-3A86-9E86-08203C9975CD} = {7AD41B32-C446-3A86-9E86-08203C9975CD}
		{485EAE47-A81D-3E5C-BEB5-4366FA428900} = {485EAE47-A81D-3E5C-BEB5-4366FA428900}
	EndProjectSection
EndProject
Project("{8BC9CEB8-8B4A-11D0-8D11-00A0C91BC942}") = "gamma", "external\glfw-3.1.2\tests\gamma.vcxproj", "{C6608A3B-A579-3A67-AE8A-E01111A364BE}"
	ProjectSection(ProjectDependencies) = postProject
		{7AD41B32-C446-3A86-9E86-08203C9975CD} = {7AD41B32-C446-3A86-9E86-08203C9975CD}
		{485EAE47-A81D-3E5C-BEB5-4366FA428900} = {485EAE47-A81D-3E5C-BEB5-4366FA428900}
	EndProjectSection
EndProject
Project("{8BC9CEB8-8B4A-11D0-8D11-00A0C91BC942}") = "gears", "external\glfw-3.1.2\examples\gears.vcxproj", "{70DC9607-03E8-3F24-A4B2-AED22B46E7A0}"
	ProjectSection(ProjectDependencies) = postProject
		{7AD41B32-C446-3A86-9E86-08203C9975CD} = {7AD41B32-C446-3A86-9E86-08203C9975CD}
		{485EAE47-A81D-3E5C-BEB5-4366FA428900} = {485EAE47-A81D-3E5C-BEB5-4366FA428900}
	EndProjectSection
EndProject
Project("{8BC9CEB8-8B4A-11D0-8D11-00A0C91BC942}") = "glfw", "external\glfw-3.1.2\src\glfw.vcxproj", "{485EAE47-A81D-3E5C-BEB5-4366FA428900}"
	ProjectSection(ProjectDependencies) = postProject
		{7AD41B32-C446-3A86-9E86-08203C9975CD} = {7AD41B32-C446-3A86-9E86-08203C9975CD}
	EndProjectSection
EndProject
Project("{8BC9CEB8-8B4A-11D0-8D11-00A0C91BC942}") = "glfwinfo", "external\glfw-3.1.2\tests\glfwinfo.vcxproj", "{C3EF2EE8-6876-3788-AA49-A4831CE44295}"
	ProjectSection(ProjectDependencies) = postProject
		{7AD41B32-C446-3A86-9E86-08203C9975CD} = {7AD41B32-C446-3A86-9E86-08203C9975CD}
		{485EAE47-A81D-3E5C-BEB5-4366FA428900} = {485EAE47-A81D-3E5C-BEB5-4366FA428900}
	EndProjectSection
EndProject
Project("{8BC9CEB8-8B4A-11D0-8D11-00A0C91BC942}") = "heightmap", "external\glfw-3.1.2\examples\heightmap.vcxproj", "{3A7B8670-6B35-3DBD-9C8C-5D29183BFE4E}"
	ProjectSection(ProjectDependencies) = postProject
		{7AD41B32-C446-3A86-9E86-08203C9975CD} = {7AD41B32-C446-3A86-9E86-08203C9975CD}
		{485EAE47-A81D-3E5C-BEB5-4366FA428900} = {485EAE47-A81D-3E5C-BEB5-4366FA428900}
	EndProjectSection
EndProject
Project("{8BC9CEB8-8B4A-11D0-8D11-00A0C91BC942}") = "iconify", "external\glfw-3.1.2\tests\iconify.vcxproj", "{3BD86F75-D90C-30CD-93F2-76D484A5DFFB}"
	ProjectSection(ProjectDependencies) = postProject
		{7AD41B32-C446-3A86-9E86-08203C9975CD} = {7AD41B32-C446-3A86-9E86-08203C9975CD}
		{485EAE47-A81D-3E5C-BEB5-4366FA428900} = {485EAE47-A81D-3E5C-BEB5-4366FA428900}
	EndProjectSection
EndProject
Project("{8BC9CEB8-8B4A-11D0-8D11-00A0C91BC942}") = "joysticks", "external\glfw-3.1.2\tests\joysticks.vcxproj", "{8851E8C6-76F4-3135-8905-B5DF82F26548}"
	ProjectSection(ProjectDependencies) = postProject
		{7AD41B32-C446-3A86-9E86-08203C9975CD} = {7AD41B32-C446-3A86-9E86-08203C9975CD}
		{485EAE47-A81D-3E5C-BEB5-4366FA428900} = {485EAE47-A81D-3E5C-BEB5-4366FA428900}
	EndProjectSection
EndProject
Project("{8BC9CEB8-8B4A-11D0-8D11-00A0C91BC942}") = "misc05_picking_BulletPhysics", "misc05_picking_BulletPhysics.vcxproj", "{BBEDC4A0-E3B9-35A2-A80C-77C805632716}"
	ProjectSection(ProjectDependencies) = postProject
		{B2698603-7F17-3571-9B0A-4340820932B0} = {B2698603-7F17-3571-9B0A-4340820932B0}
		{C106F3D3-C018-34A6-A2B6-38336A0E73E8} = {C106F3D3-C018-34A6-A2B6-38336A0E73E8}
		{78F6B621-FF06-37BE-8588-81A1970F1763} = {78F6B621-FF06-37BE-8588-81A1970F1763}
		{8EAB9742-DF19-3028-AC89-9D49523AFA6A} = {8EAB9742-DF19-3028-AC89-9D49523AFA6A}
		{6FA9011B-9331-3980-8242-39C00D453167} = {6FA9011B-9331-3980-8242-39C00D453167}
		{7AD41B32-C446-3A86-9E86-08203C9975CD} = {7AD41B32-C446-3A86-9E86-08203C9975CD}
		{485EAE47-A81D-3E5C-BEB5-4366FA428900} = {485EAE47-A81D-3E5C-BEB5-4366FA428900}
	EndProjectSection
EndProject
Project("{8BC9CEB8-8B4A-11D0-8D11-00A0C91BC942}") = "misc05_picking_custom", "misc05_picking_custom.vcxproj", "{1ABCEF82-C0BB-3F03-AB42-90F0AE847D98}"
	ProjectSection(ProjectDependencies) = postProject
		{B2698603-7F17-3571-9B0A-4340820932B0} = {B2698603-7F17-3571-9B0A-4340820932B0}
		{8EAB9742-DF19-3028-AC89-9D49523AFA6A} = {8EAB9742-DF19-3028-AC89-9D49523AFA6A}
		{7AD41B32-C446-3A86-9E86-08203C9975CD} = {7AD41B32-C446-3A86-9E86-08203C9975CD}
		{485EAE47-A81D-3E5C-BEB5-4366FA428900} = {485EAE47-A81D-3E5C-BEB5-4366FA428900}
	EndProjectSection
EndProject
Project("{8BC9CEB8-8B4A-11D0-8D11-00A0C91BC942}") = "misc05_picking_slow_easy", "misc05_picking_slow_easy.vcxproj", "{D488AE9F-18B2-3E18-8CDE-EA2ED2FD047A}"
	ProjectSection(ProjectDependencies) = postProject
		{B2698603-7F17-3571-9B0A-4340820932B0} = {B2698603-7F17-3571-9B0A-4340820932B0}
		{8EAB9742-DF19-3028-AC89-9D49523AFA6A} = {8EAB9742-DF19-3028-AC89-9D49523AFA6A}
		{7AD41B32-C446-3A86-9E86-08203C9975CD} = {7AD41B32-C446-3A86-9E86-08203C9975CD}
		{485EAE47-A81D-3E5C-BEB5-4366FA428900} = {485EAE47-A81D-3E5C-BEB5-4366FA428900}
	EndProjectSection
EndProject
Project("{8BC9CEB8-8B4A-11D0-8D11-00A0C91BC942}") = "monitors", "external\glfw-3.1.2\tests\monitors.vcxproj", "{8EACB996-0127-3682-9618-DC79887770E5}"
	ProjectSection(ProjectDependencies) = postProject
		{7AD41B32-C446-3A86-9E86-08203C9975CD} = {7AD41B32-C446-3A86-9E86-08203C9975CD}
		{485EAE47-A81D-3E5C-BEB5-4366FA428900} = {485EAE47-A81D-3E5C-BEB5-4366FA428900}
	EndProjectSection
EndProject
Project("{8BC9CEB8-8B4A-11D0-8D11-00A0C91BC942}") = "msaa", "external\glfw-3.1.2\tests\msaa.vcxproj", "{16487883-61E7-33A6-B348-C715E38CF9DA}"
	ProjectSection(ProjectDependencies) = postProject
		{7AD41B32-C446-3A86-9E86-08203C9975CD} = {7AD41B32-C446-3A86-9E86-08203C9975CD}
		{485EAE47-A81D-3E5C-BEB5-4366FA428900} = {485EAE47-A81D-3E5C-BEB5-4366FA428900}
	EndProjectSection
EndProject
Project("{8BC9CEB8-8B4A-11D0-8D11-00A0C91BC942}") = "particles", "external\glfw-3.1.2\examples\particles.vcxproj", "{BA5BEAF4-00C2-34BC-96D0-C36A3BBB13A7}"
	ProjectSection(ProjectDependencies) = postProject
		{7AD41B32-C446-3A86-9E86-08203C9975CD} = {7AD41B32-C446-3A86-9E86-08203C9975CD}
		{485EAE47-A81D-3E5C-BEB5-4366FA428900} = {485EAE47-A81D-3E5C-BEB5-4366FA428900}
	EndProjectSection
EndProject
Project("{8BC9CEB8-8B4A-11D0-8D11-00A0C91BC942}") = "playground", "playground.vcxproj", "{E1CA3410-CDC9-3573-A47A-1B6D477188CC}"
	ProjectSection(ProjectDependencies) = postProject
		{8EAB9742-DF19-3028-AC89-9D49523AFA6A} = {8EAB9742-DF19-3028-AC89-9D49523AFA6A}
		{7AD41B32-C446-3A86-9E86-08203C9975CD} = {7AD41B32-C446-3A86-9E86-08203C9975CD}
		{485EAE47-A81D-3E5C-BEB5-4366FA428900} = {485EAE47-A81D-3E5C-BEB5-4366FA428900}
	EndProjectSection
EndProject
Project("{8BC9CEB8-8B4A-11D0-8D11-00A0C91BC942}") = "reopen", "external\glfw-3.1.2\tests\reopen.vcxproj", "{35A132FA-6316-37C9-966B-3A8214C2B51B}"
	ProjectSection(ProjectDependencies) = postProject
		{7AD41B32-C446-3A86-9E86-08203C9975CD} = {7AD41B32-C446-3A86-9E86-08203C9975CD}
		{485EAE47-A81D-3E5C-BEB5-4366FA428900} = {485EAE47-A81D-3E5C-BEB5-4366FA428900}
	EndProjectSection
EndProject
Project("{8BC9CEB8-8B4A-11D0-8D11-00A0C91BC942}") = "sharing", "external\glfw-3.1.2\tests\sharing.vcxproj", "{50DCD2E6-4072-33D6-BEF4-DB17BBEDF726}"
	ProjectSection(ProjectDependencies) = postProject
		{7AD41B32-C446-3A86-9E86-08203C9975CD} = {7AD41B32-C446-3A86-9E86-08203C9975CD}
		{485EAE47-A81D-3E5C-BEB5-4366FA428900} = {485EAE47-A81D-3E5C-BEB5-4366FA428900}
	EndProjectSection
EndProject
Project("{8BC9CEB8-8B4A-11D0-8D11-00A0C91BC942}") = "simple", "external\glfw-3.1.2\examples\simple.vcxproj", "{CD0ECF2A-2BC7-32CE-90A3-D2F49E4D2569}"
	ProjectSection(ProjectDependencies) = postProject
		{7AD41B32-C446-3A86-9E86-08203C9975CD} = {7AD41B32-C446-3A86-9E86-08203C9975CD}
		{485EAE47-A81D-3E5C-BEB5-4366FA428900} = {485EAE47-A81D-3E5C-BEB5-4366FA428900}
	EndProjectSection
EndProject
Project("{8BC9CEB8-8B4A-11D0-8D11-00A0C91BC942}") = "splitview", "external\glfw-3.1.2\examples\splitview.vcxproj", "{7C6C84B1-DEC3-37C2-A0D8-56610BFFC59B}"
	ProjectSection(ProjectDependencies) = postProject
		{7AD41B32-C446-3A86-9E86-08203C9975CD} = {7AD41B32-C446-3A86-9E86-08203C9975CD}
		{485EAE47-A81D-3E5C-BEB5-4366FA428900} = {485EAE47-A81D-3E5C-BEB5-4366FA428900}
	EndProjectSection
EndProject
Project("{8BC9CEB8-8B4A-11D0-8D11-00A0C91BC942}") = "tearing", "external\glfw-3.1.2\tests\tearing.vcxproj", "{19E0D10D-2CC4-325B-B28F-E92CFDEB42B4}"
	ProjectSection(ProjectDependencies) = postProject
		{7AD41B32-C446-3A86-9E86-08203C9975CD} = {7AD41B32-C446-3A86-9E86-08203C9975CD}
		{485EAE47-A81D-3E5C-BEB5-4366FA428900} = {485EAE47-A81D-3E5C-BEB5-4366FA428900}
	EndProjectSection
EndProject
Project("{8BC9CEB8-8B4A-11D0-8D11-00A0C91BC942}") = "threads", "external\glfw-3.1.2\tests\threads.vcxproj", "{ED4D4A6E-8184-3518-9FC0-75ACF067EA0F}"
	ProjectSection(ProjectDependencies) = postProject
		{7AD41B32-C446-3A86-9E86-08203C9975CD} = {7AD41B32-C446-3A86-9E86-08203C9975CD}
		{485EAE47-A81D-3E5C-BEB5-4366FA428900} = {485EAE47-A81D-3E5C-BEB5-4366FA428900}
	EndProjectSection
EndProject
Project("{8BC9CEB8-8B4A-11D0-8D11-00A0C91BC942}") = "title", "external\glfw-3.1.2\tests\title.vcxproj", "{ADDE39B7-0EFB-3DCA-B8B1-37B05CAF6CE2}"
	ProjectSection(ProjectDependencies) = postProject
		{7AD41B32-C446-3A86-9E86-08203C9975CD} = {7AD41B32-C446-3A86-9E86-08203C9975CD}
		{485EAE47-A81D-3E5C-BEB5-4366FA428900} = {485EAE47-A81D-3E5C-BEB5-4366FA428900}
	EndProjectSection
EndProject
Project("{8BC9CEB8-8B4A-11D0-8D11-00A0C91BC942}") = "tutorial01_first_window", "tutorial01_first_window.vcxproj", "{114CA7FF-FCF6-359A-B619-FF33E30611DF}"
	ProjectSection(ProjectDependencies) = postProject
		{8EAB9742-DF19-3028-AC89-9D49523AFA6A} = {8EAB9742-DF19-3028-AC89-9D49523AFA6A}
		{7AD41B32-C446-3A86-9E86-08203C9975CD} = {7AD41B32-C446-3A86-9E86-08203C9975CD}
		{485EAE47-A81D-3E5C-BEB5-4366FA428900} = {485EAE47-A81D-3E5C-BEB5-4366FA428900}
	EndProjectSection
EndProject
Project("{8BC9CEB8-8B4A-11D0-8D11-00A0C91BC942}") = "tutorial02_red_triangle", "tutorial02_red_triangle.vcxproj", "{5793252A-E937-35DD-900F-4DAE07131A1A}"
	ProjectSection(ProjectDependencies) = postProject
		{8EAB9742-DF19-3028-AC89-9D49523AFA6A} = {8EAB9742-DF19-3028-AC89-9D49523AFA6A}
		{7AD41B32-C446-3A86-9E86-08203C9975CD} = {7AD41B32-C446-3A86-9E86-08203C9975CD}
		{485EAE47-A81D-3E5C-BEB5-4366FA428900} = {485EAE47-A81D-3E5C-BEB5-4366FA428900}
	EndProjectSection
EndProject
Project("{8BC9CEB8-8B4A-11D0-8D11-00A0C91BC942}") = "tutorial03_matrices", "tutorial03_matrices.vcxproj", "{D31CEB75-04B2-3302-B719-B3885E49262A}"
	ProjectSection(ProjectDependencies) = postProject
		{8EAB9742-DF19-3028-AC89-9D49523AFA6A} = {8EAB9742-DF19-3028-AC89-9D49523AFA6A}
		{7AD41B32-C446-3A86-9E86-08203C9975CD} = {7AD41B32-C446-3A86-9E86-08203C9975CD}
		{485EAE47-A81D-3E5C-BEB5-4366FA428900} = {485EAE47-A81D-3E5C-BEB5-4366FA428900}
	EndProjectSection
EndProject
Project("{8BC9CEB8-8B4A-11D0-8D11-00A0C91BC942}") = "tutorial04_colored_cube", "tutorial04_colored_cube.vcxproj", "{CBE68949-3BD0-33ED-8FE9-07BB236B1A3A}"
	ProjectSection(ProjectDependencies) = postProject
		{8EAB9742-DF19-3028-AC89-9D49523AFA6A} = {8EAB9742-DF19-3028-AC89-9D49523AFA6A}
		{7AD41B32-C446-3A86-9E86-08203C9975CD} = {7AD41B32-C446-3A86-9E86-08203C9975CD}
		{485EAE47-A81D-3E5C-BEB5-4366FA428900} = {485EAE47-A81D-3E5C-BEB5-4366FA428900}
	EndProjectSection
EndProject
Project("{8BC9CEB8-8B4A-11D0-8D11-00A0C91BC942}") = "tutorial05_textured_cube", "tutorial05_textured_cube.vcxproj", "{9FCB33BD-4F3A-3E07-9D01-F9B284A76A69}"
	ProjectSection(ProjectDependencies) = postProject
		{8EAB9742-DF19-3028-AC89-9D49523AFA6A} = {8EAB9742-DF19-3028-AC89-9D49523AFA6A}
		{7AD41B32-C446-3A86-9E86-08203C9975CD} = {7AD41B32-C446-3A86-9E86-08203C9975CD}
		{485EAE47-A81D-3E5C-BEB5-4366FA428900} = {485EAE47-A81D-3E5C-BEB5-4366FA428900}
	EndProjectSection
EndProject
Project("{8BC9CEB8-8B4A-11D0-8D11-00A0C91BC942}") = "tutorial06_keyboard_and_mouse", "tutorial06_keyboard_and_mouse.vcxproj", "{1A1B6CB5-1703-3465-A50C-DBF116AD275D}"
	ProjectSection(ProjectDependencies) = postProject
		{8EAB9742-DF19-3028-AC89-9D49523AFA6A} = {8EAB9742-DF19-3028-AC89-9D49523AFA6A}
		{7AD41B32-C446-3A86-9E86-08203C9975CD} = {7AD41B32-C446-3A86-9E86-08203C9975CD}
		{485EAE47-A81D-3E5C-BEB5-4366FA428900} = {485EAE47-A81D-3E5C-BEB5-4366FA428900}
	EndProjectSection
EndProject
Project("{8BC9CEB8-8B4A-11D0-8D11-00A0C91BC942}") = "tutorial07_model_loading", "tutorial07_model_loading.vcxproj", "{23A3BD79-1571-3480-BFC6-18ED1CE154A1}"
	ProjectSection(ProjectDependencies) = postProject
		{8EAB9742-DF19-3028-AC89-9D49523AFA6A} = {8EAB9742-DF19-3028-AC89-9D49523AFA6A}
		{7AD41B32-C446-3A86-9E86-08203C9975CD} = {7AD41B32-C446-3A86-9E86-08203C9975CD}
		{485EAE47-A81D-3E5C-BEB5-4366FA428900} = {485EAE47-A81D-3E5C-BEB5-4366FA428900}
	EndProjectSection
EndProject
Project("{8BC9CEB8-8B4A-11D0-8D11-00A0C91BC942}") = "tutorial08_basic_shading", "tutorial08_basic_shading.vcxproj", "{5B42DB4A-6169-343D-B930-FA13EEB12AC7}"
	ProjectSection(ProjectDependencies) = postProject
		{8EAB9742-DF19-3028-AC89-9D49523AFA6A} = {8EAB9742-DF19-3028-AC89-9D49523AFA6A}
		{7AD41B32-C446-3A86-9E86-08203C9975CD} = {7AD41B32-C446-3A86-9E86-08203C9975CD}
		{485EAE47-A81D-3E5C-BEB5-4366FA428900} = {485EAE47-A81D-3E5C-BEB5-4366FA428900}
	EndProjectSection
EndProject
Project("{8BC9CEB8-8B4A-11D0-8D11-00A0C91BC942}") = "tutorial09_AssImp", "tutorial09_AssImp.vcxproj", "{D8F31D8D-B136-338F-92E7-17DADFA5A661}"
	ProjectSection(ProjectDependencies) = postProject
		{8EAB9742-DF19-3028-AC89-9D49523AFA6A} = {8EAB9742-DF19-3028-AC89-9D49523AFA6A}
		{7AD41B32-C446-3A86-9E86-08203C9975CD} = {7AD41B32-C446-3A86-9E86-08203C9975CD}
		{E4EE14D4-C8D0-33CE-A3D6-0CF17ADE86B0} = {E4EE14D4-C8D0-33CE-A3D6-0CF17ADE86B0}
		{485EAE47-A81D-3E5C-BEB5-4366FA428900} = {485EAE47-A81D-3E5C-BEB5-4366FA428900}
		{005F8E7C-B0F8-3FA2-8603-37AF0F655911} = {005F8E7C-B0F8-3FA2-8603-37AF0F655911}
	EndProjectSection
EndProject
Project("{8BC9CEB8-8B4A-11D0-8D11-00A0C91BC942}") = "tutorial09_several_objects", "tutorial09_several_objects.vcxproj", "{D109082B-5D87-35F6-828F-A225819923C8}"
	ProjectSection(ProjectDependencies) = postProject
		{8EAB9742-DF19-3028-AC89-9D49523AFA6A} = {8EAB9742-DF19-3028-AC89-9D49523AFA6A}
		{7AD41B32-C446-3A86-9E86-08203C9975CD} = {7AD41B32-C446-3A86-9E86-08203C9975CD}
		{485EAE47-A81D-3E5C-BEB5-4366FA428900} = {485EAE47-A81D-3E5C-BEB5-4366FA428900}
	EndProjectSection
EndProject
Project("{8BC9CEB8-8B4A-11D0-8D11-00A0C91BC942}") = "tutorial09_vbo_indexing", "tutorial09_vbo_indexing.vcxproj", "{72797651-8F6A-3CE0-ABE6-3AD3F71E2E22}"
	ProjectSection(ProjectDependencies) = postProject
		{8EAB9742-DF19-3028-AC89-9D49523AFA6A} = {8EAB9742-DF19-3028-AC89-9D49523AFA6A}
		{7AD41B32-C446-3A86-9E86-08203C9975CD} = {7AD41B32-C446-3A86-9E86-08203C9975CD}
		{485EAE47-A81D-3E5C-BEB5-4366FA428900} = {485EAE47-A81D-3E5C-BEB5-4366FA428900}
	EndProjectSection
EndProject
Project("{8BC9CEB8-8B4A-11D0-8D11-00A0C91BC942}") = "tutorial10_transparency", "tutorial10_transparency.vcxproj", "{1589D98A-36B3-363F-A314-D46775FFD38A}"
	ProjectSection(ProjectDependencies) = postProject
		{8EAB9742-DF19-3028-AC89-9D49523AFA6A} = {8EAB9742-DF19-3028-AC89-9D49523AFA6A}
		{7AD41B32-C446-3A86-9E86-08203C9975CD} = {7AD41B32-C446-3A86-9E86-08203C9975CD}
		{485EAE47-A81D-3E5C-BEB5-4366FA428900} = {485EAE47-A81D-3E5C-BEB5-4366FA428900}
	EndProjectSection
EndProject
Project("{8BC9CEB8-8B4A-11D0-8D11-00A0C91BC942}") = "tutorial11_2d_fonts", "tutorial11_2d_fonts.vcxproj", "{DBF3014F-C53A-3C62-A871-B7184D1CB28E}"
	ProjectSection(ProjectDependencies) = postProject
		{8EAB9742-DF19-3028-AC89-9D49523AFA6A} = {8EAB9742-DF19-3028-AC89-9D49523AFA6A}
		{7AD41B32-C446-3A86-9E86-08203C9975CD} = {7AD41B32-C446-3A86-9E86-08203C9975CD}
		{485EAE47-A81D-3E5C-BEB5-4366FA428900} = {485EAE47-A81D-3E5C-BEB5-4366FA428900}
	EndProjectSection
EndProject
Project("{8BC9CEB8-8B4A-11D0-8D11-00A0C91BC942}") = "tutorial12_extensions", "tutorial12_extensions.vcxproj", "{D1B740CC-4B4C-31BC-B926-EFA93CFF757C}"
	ProjectSection(ProjectDependencies) = postProject
		{8EAB9742-DF19-3028-AC89-9D49523AFA6A} = {8EAB9742-DF19-3028-AC89-9D49523AFA6A}
		{7AD41B32-C446-3A86-9E86-08203C9975CD} = {7AD41B32-C446-3A86-9E86-08203C9975CD}
		{485EAE47-A81D-3E5C-BEB5-4366FA428900} = {485EAE47-A81D-3E5C-BEB5-4366FA428900}
	EndProjectSection
EndProject
Project("{8BC9CEB8-8B4A-11D0-8D11-00A0C91BC942}") = "tutorial13_normal_mapping", "tutorial13_normal_mapping.vcxproj", "{D78F47A6-8867-3D8A-B236-378E97F10B61}"
	ProjectSection(ProjectDependencies) = postProject
		{8EAB9742-DF19-3028-AC89-9D49523AFA6A} = {8EAB9742-DF19-3028-AC89-9D49523AFA6A}
		{7AD41B32-C446-3A86-9E86-08203C9975CD} = {7AD41B32-C446-3A86-9E86-08203C9975CD}
		{485EAE47-A81D-3E5C-BEB5-4366FA428900} = {485EAE47-A81D-3E5C-BEB5-4366FA428900}
	EndProjectSection
EndProject
Project("{8BC9CEB8-8B4A-11D0-8D11-00A0C91BC942}") = "tutorial14_render_to_texture", "tutorial14_render_to_texture.vcxproj", "{6A646AA3-B482-3BA8-B8DB-0E0AC1F874D2}"
	ProjectSection(ProjectDependencies) = postProject
		{8EAB9742-DF19-3028-AC89-9D49523AFA6A} = {8EAB9742-DF19-3028-AC89-9D49523AFA6A}
		{7AD41B32-C446-3A86-9E86-08203C9975CD} = {7AD41B32-C446-3A86-9E86-08203C9975CD}
		{485EAE47-A81D-3E5C-BEB5-4366FA428900} = {485EAE47-A81D-3E5C-BEB5-4366FA428900}
	EndProjectSection
EndProject
Project("{8BC9CEB8-8B4A-11D0-8D11-00A0C91BC942}") = "tutorial15_lightmaps", "tutorial15_lightmaps.vcxproj", "{5190DA31-2E8A-3F95-BE23-5808A7773460}"
	ProjectSection(ProjectDependencies) = postProject
		{8EAB9742-DF19-3028-AC89-9D49523AFA6A} = {8EAB9742-DF19-3028-AC89-9D49523AFA6A}
		{7AD41B32-C446-3A86-9E86-08203C9975CD} = {7AD41B32-C446-3A86-9E86-08203C9975CD}
		{485EAE47-A81D-3E5C-BEB5-4366FA428900} = {485EAE47-A81D-3E5C-BEB5-4366FA428900}
	EndProjectSection
EndProject
Project("{8BC9CEB8-8B4A-11D0-8D11-00A0C91BC942}") = "tutorial16_shadowmaps", "tutorial16_shadowmaps.vcxproj", "{178FC3E1-1C9B-312B-ABE5-4B3F01703327}"
	ProjectSection(ProjectDependencies) = postProject
		{8EAB9742-DF19-3028-AC89-9D49523AFA6A} = {8EAB9742-DF19-3028-AC89-9D49523AFA6A}
		{7AD41B32-C446-3A86-9E86-08203C9975CD} = {7AD41B32-C446-3A86-9E86-08203C9975CD}
		{485EAE47-A81D-3E5C-BEB5-4366FA428900} = {485EAE47-A81D-3E5C-BEB5-4366FA428900}
	EndProjectSection
EndProject
Project("{8BC9CEB8-8B4A-11D0-8D11-00A0C91BC942}") = "tutorial16_shadowmaps_simple", "tutorial16_shadowmaps_simple.vcxproj", "{2C4BA761-FFFD-30BD-8785-9ADA0BD45D5C}"
	ProjectSection(ProjectDependencies) = postProject
		{8EAB9742-DF19-3028-AC89-9D49523AFA6A} = {8EAB9742-DF19-3028-AC89-9D49523AFA6A}
		{7AD41B32-C446-3A86-9E86-08203C9975CD} = {7AD41B32-C446-3A86-9E86-08203C9975CD}
		{485EAE47-A81D-3E5C-BEB5-4366FA428900} = {485EAE47-A81D-3E5C-BEB5-4366FA428900}
	EndProjectSection
EndProject
Project("{8BC9CEB8-8B4A-11D0-8D11-00A0C91BC942}") = "tutorial17_rotations", "tutorial17_rotations.vcxproj", "{0CB6216E-3635-39B2-AD85-07BAEDB1E2D0}"
	ProjectSection(ProjectDependencies) = postProject
		{B2698603-7F17-3571-9B0A-4340820932B0} = {B2698603-7F17-3571-9B0A-4340820932B0}
		{8EAB9742-DF19-3028-AC89-9D49523AFA6A} = {8EAB9742-DF19-3028-AC89-9D49523AFA6A}
		{7AD41B32-C446-3A86-9E86-08203C9975CD} = {7AD41B32-C446-3A86-9E86-08203C9975CD}
		{485EAE47-A81D-3E5C-BEB5-4366FA428900} = {485EAE47-A81D-3E5C-BEB5-4366FA428900}
	EndProjectSection
EndProject
Project("{8BC9CEB8-8B4A-11D0-8D11-00A0C91BC942}") = "tutorial18_billboards", "tutorial18_billboards.vcxproj", "{3B0824C5-6810-3264-8B53-1508284AC3C4}"
	ProjectSection(ProjectDependencies) = postProject
		{8EAB9742-DF19-3028-AC89-9D49523AFA6A} = {8EAB9742-DF19-3028-AC89-9D49523AFA6A}
		{7AD41B32-C446-3A86-9E86-08203C9975CD} = {7AD41B32-C446-3A86-9E86-08203C9975CD}
		{485EAE47-A81D-3E5C-BEB5-4366FA428900} = {485EAE47-A81D-3E5C-BEB5-4366FA428900}
	EndProjectSection
EndProject
Project("{8BC9CEB8-8B4A-11D0-8D11-00A0C91BC942}") = "tutorial18_particles", "tutorial18_particles.vcxproj", "{91501B08-CA66-360D-91DA-EC526AB72FE3}"
	ProjectSection(ProjectDependencies) = postProject
		{8EAB9742-DF19-3028-AC89-9D49523AFA6A} = {8EAB9742-DF19-3028-AC89-9D49523AFA6A}
		{7AD41B32-C446-3A86-9E86-08203C9975CD} = {7AD41B32-C446-3A86-9E86-08203C9975CD}
		{485EAE47-A81D-3E5C-BEB5-4366FA428900} = {485EAE47-A81D-3E5C-BEB5-4366FA428900}
	EndProjectSection
EndProject
Project("{8BC9CEB8-8B4A-11D0-8D11-00A0C91BC942}") = "uninstall", "external\glfw-3.1.2\uninstall.vcxproj", "{F0975268-F179-39D5-942C-A7FE778C4228}"
	ProjectSection(ProjectDependencies) = postProject
		{7AD41B32-C446-3A86-9E86-08203C9975CD} = {7AD41B32-C446-3A86-9E86-08203C9975CD}
	EndProjectSection
EndProject
Project("{8BC9CEB8-8B4A-11D0-8D11-00A0C91BC942}") = "wave", "external\glfw-3.1.2\examples\wave.vcxproj", "{103AA357-226F-372B-A5E8-18FB61578FE7}"
	ProjectSection(ProjectDependencies) = postProject
		{7AD41B32-C446-3A86-9E86-08203C9975CD} = {7AD41B32-C446-3A86-9E86-08203C9975CD}
		{485EAE47-A81D-3E5C-BEB5-4366FA428900} = {485EAE47-A81D-3E5C-BEB5-4366FA428900}
	EndProjectSection
EndProject
Project("{8BC9CEB8-8B4A-11D0-8D11-00A0C91BC942}") = "windows", "external\glfw-3.1.2\tests\windows.vcxproj", "{068FE294-78C2-31A2-9369-F4606AF09666}"
	ProjectSection(ProjectDependencies) = postProject
		{7AD41B32-C446-3A86-9E86-08203C9975CD} = {7AD41B32-C446-3A86-9E86-08203C9975CD}
		{485EAE47-A81D-3E5C-BEB5-4366FA428900} = {485EAE47-A81D-3E5C-BEB5-4366FA428900}
	EndProjectSection
EndProject
Project("{8BC9CEB8-8B4A-11D0-8D11-00A0C91BC942}") = "zlib", "external\assimp-3.0.1270\contrib\zlib\zlib.vcxproj", "{005F8E7C-B0F8-3FA2-8603-37AF0F655911}"
	ProjectSection(ProjectDependencies) = postProject
		{7AD41B32-C446-3A86-9E86-08203C9975CD} = {7AD41B32-C446-3A86-9E86-08203C9975CD}
	EndProjectSection
EndProject
Global
	GlobalSection(SolutionConfigurationPlatforms) = preSolution
		Debug|x64 = Debug|x64
		Release|x64 = Release|x64
		MinSizeRel|x64 = MinSizeRel|x64
		RelWithDebInfo|x64 = RelWithDebInfo|x64
	EndGlobalSection
	GlobalSection(ProjectConfigurationPlatforms) = postSolution
		{CE5E8D24-C225-3C04-8A34-355859A29CE8}.Debug|x64.ActiveCfg = Debug|x64
		{CE5E8D24-C225-3C04-8A34-355859A29CE8}.Debug|x64.Build.0 = Debug|x64
		{CE5E8D24-C225-3C04-8A34-355859A29CE8}.Release|x64.ActiveCfg = Release|x64
		{CE5E8D24-C225-3C04-8A34-355859A29CE8}.Release|x64.Build.0 = Release|x64
		{CE5E8D24-C225-3C04-8A34-355859A29CE8}.MinSizeRel|x64.ActiveCfg = MinSizeRel|x64
		{CE5E8D24-C225-3C04-8A34-355859A29CE8}.MinSizeRel|x64.Build.0 = MinSizeRel|x64
		{CE5E8D24-C225-3C04-8A34-355859A29CE8}.RelWithDebInfo|x64.ActiveCfg = RelWithDebInfo|x64
		{CE5E8D24-C225-3C04-8A34-355859A29CE8}.RelWithDebInfo|x64.Build.0 = RelWithDebInfo|x64
		{B2698603-7F17-3571-9B0A-4340820932B0}.Debug|x64.ActiveCfg = Debug|x64
		{B2698603-7F17-3571-9B0A-4340820932B0}.Debug|x64.Build.0 = Debug|x64
		{B2698603-7F17-3571-9B0A-4340820932B0}.Release|x64.ActiveCfg = Release|x64
		{B2698603-7F17-3571-9B0A-4340820932B0}.Release|x64.Build.0 = Release|x64
		{B2698603-7F17-3571-9B0A-4340820932B0}.MinSizeRel|x64.ActiveCfg = MinSizeRel|x64
		{B2698603-7F17-3571-9B0A-4340820932B0}.MinSizeRel|x64.Build.0 = MinSizeRel|x64
		{B2698603-7F17-3571-9B0A-4340820932B0}.RelWithDebInfo|x64.ActiveCfg = RelWithDebInfo|x64
		{B2698603-7F17-3571-9B0A-4340820932B0}.RelWithDebInfo|x64.Build.0 = RelWithDebInfo|x64
		{C106F3D3-C018-34A6-A2B6-38336A0E73E8}.Debug|x64.ActiveCfg = Debug|x64
		{C106F3D3-C018-34A6-A2B6-38336A0E73E8}.Debug|x64.Build.0 = Debug|x64
		{C106F3D3-C018-34A6-A2B6-38336A0E73E8}.Release|x64.ActiveCfg = Release|x64
		{C106F3D3-C018-34A6-A2B6-38336A0E73E8}.Release|x64.Build.0 = Release|x64
		{C106F3D3-C018-34A6-A2B6-38336A0E73E8}.MinSizeRel|x64.ActiveCfg = MinSizeRel|x64
		{C106F3D3-C018-34A6-A2B6-38336A0E73E8}.MinSizeRel|x64.Build.0 = MinSizeRel|x64
		{C106F3D3-C018-34A6-A2B6-38336A0E73E8}.RelWithDebInfo|x64.ActiveCfg = RelWithDebInfo|x64
		{C106F3D3-C018-34A6-A2B6-38336A0E73E8}.RelWithDebInfo|x64.Build.0 = RelWithDebInfo|x64
		{78F6B621-FF06-37BE-8588-81A1970F1763}.Debug|x64.ActiveCfg = Debug|x64
		{78F6B621-FF06-37BE-8588-81A1970F1763}.Debug|x64.Build.0 = Debug|x64
		{78F6B621-FF06-37BE-8588-81A1970F1763}.Release|x64.ActiveCfg = Release|x64
		{78F6B621-FF06-37BE-8588-81A1970F1763}.Release|x64.Build.0 = Release|x64
		{78F6B621-FF06-37BE-8588-81A1970F1763}.MinSizeRel|x64.ActiveCfg = MinSizeRel|x64
		{78F6B621-FF06-37BE-8588-81A1970F1763}.MinSizeRel|x64.Build.0 = MinSizeRel|x64
		{78F6B621-FF06-37BE-8588-81A1970F1763}.RelWithDebInfo|x64.ActiveCfg = RelWithDebInfo|x64
		{78F6B621-FF06-37BE-8588-81A1970F1763}.RelWithDebInfo|x64.Build.0 = RelWithDebInfo|x64
		{FE51ADA1-64B9-32C2-9B69-1ADD3960CE4E}.Debug|x64.ActiveCfg = Debug|x64
		{FE51ADA1-64B9-32C2-9B69-1ADD3960CE4E}.Debug|x64.Build.0 = Debug|x64
		{FE51ADA1-64B9-32C2-9B69-1ADD3960CE4E}.Release|x64.ActiveCfg = Release|x64
		{FE51ADA1-64B9-32C2-9B69-1ADD3960CE4E}.Release|x64.Build.0 = Release|x64
		{FE51ADA1-64B9-32C2-9B69-1ADD3960CE4E}.MinSizeRel|x64.ActiveCfg = MinSizeRel|x64
		{FE51ADA1-64B9-32C2-9B69-1ADD3960CE4E}.MinSizeRel|x64.Build.0 = MinSizeRel|x64
		{FE51ADA1-64B9-32C2-9B69-1ADD3960CE4E}.RelWithDebInfo|x64.ActiveCfg = RelWithDebInfo|x64
		{FE51ADA1-64B9-32C2-9B69-1ADD3960CE4E}.RelWithDebInfo|x64.Build.0 = RelWithDebInfo|x64
		{8EAB9742-DF19-3028-AC89-9D49523AFA6A}.Debug|x64.ActiveCfg = Debug|x64
		{8EAB9742-DF19-3028-AC89-9D49523AFA6A}.Debug|x64.Build.0 = Debug|x64
		{8EAB9742-DF19-3028-AC89-9D49523AFA6A}.Release|x64.ActiveCfg = Release|x64
		{8EAB9742-DF19-3028-AC89-9D49523AFA6A}.Release|x64.Build.0 = Release|x64
		{8EAB9742-DF19-3028-AC89-9D49523AFA6A}.MinSizeRel|x64.ActiveCfg = MinSizeRel|x64
		{8EAB9742-DF19-3028-AC89-9D49523AFA6A}.MinSizeRel|x64.Build.0 = MinSizeRel|x64
		{8EAB9742-DF19-3028-AC89-9D49523AFA6A}.RelWithDebInfo|x64.ActiveCfg = RelWithDebInfo|x64
		{8EAB9742-DF19-3028-AC89-9D49523AFA6A}.RelWithDebInfo|x64.Build.0 = RelWithDebInfo|x64
		{5AC33557-A69D-3E09-B57F-F6164A6CFE10}.Debug|x64.ActiveCfg = Debug|x64
		{5AC33557-A69D-3E09-B57F-F6164A6CFE10}.Release|x64.ActiveCfg = Release|x64
		{5AC33557-A69D-3E09-B57F-F6164A6CFE10}.MinSizeRel|x64.ActiveCfg = MinSizeRel|x64
		{5AC33557-A69D-3E09-B57F-F6164A6CFE10}.RelWithDebInfo|x64.ActiveCfg = RelWithDebInfo|x64
		{6FA9011B-9331-3980-8242-39C00D453167}.Debug|x64.ActiveCfg = Debug|x64
		{6FA9011B-9331-3980-8242-39C00D453167}.Debug|x64.Build.0 = Debug|x64
		{6FA9011B-9331-3980-8242-39C00D453167}.Release|x64.ActiveCfg = Release|x64
		{6FA9011B-9331-3980-8242-39C00D453167}.Release|x64.Build.0 = Release|x64
		{6FA9011B-9331-3980-8242-39C00D453167}.MinSizeRel|x64.ActiveCfg = MinSizeRel|x64
		{6FA9011B-9331-3980-8242-39C00D453167}.MinSizeRel|x64.Build.0 = MinSizeRel|x64
		{6FA9011B-9331-3980-8242-39C00D453167}.RelWithDebInfo|x64.ActiveCfg = RelWithDebInfo|x64
		{6FA9011B-9331-3980-8242-39C00D453167}.RelWithDebInfo|x64.Build.0 = RelWithDebInfo|x64
		{7AD41B32-C446-3A86-9E86-08203C9975CD}.Debug|x64.ActiveCfg = Debug|x64
		{7AD41B32-C446-3A86-9E86-08203C9975CD}.Debug|x64.Build.0 = Debug|x64
		{7AD41B32-C446-3A86-9E86-08203C9975CD}.Release|x64.ActiveCfg = Release|x64
		{7AD41B32-C446-3A86-9E86-08203C9975CD}.Release|x64.Build.0 = Release|x64
		{7AD41B32-C446-3A86-9E86-08203C9975CD}.MinSizeRel|x64.ActiveCfg = MinSizeRel|x64
		{7AD41B32-C446-3A86-9E86-08203C9975CD}.MinSizeRel|x64.Build.0 = MinSizeRel|x64
		{7AD41B32-C446-3A86-9E86-08203C9975CD}.RelWithDebInfo|x64.ActiveCfg = RelWithDebInfo|x64
		{7AD41B32-C446-3A86-9E86-08203C9975CD}.RelWithDebInfo|x64.Build.0 = RelWithDebInfo|x64
		{E4EE14D4-C8D0-33CE-A3D6-0CF17ADE86B0}.Debug|x64.ActiveCfg = Debug|x64
		{E4EE14D4-C8D0-33CE-A3D6-0CF17ADE86B0}.Debug|x64.Build.0 = Debug|x64
		{E4EE14D4-C8D0-33CE-A3D6-0CF17ADE86B0}.Release|x64.ActiveCfg = Release|x64
		{E4EE14D4-C8D0-33CE-A3D6-0CF17ADE86B0}.Release|x64.Build.0 = Release|x64
		{E4EE14D4-C8D0-33CE-A3D6-0CF17ADE86B0}.MinSizeRel|x64.ActiveCfg = MinSizeRel|x64
		{E4EE14D4-C8D0-33CE-A3D6-0CF17ADE86B0}.MinSizeRel|x64.Build.0 = MinSizeRel|x64
		{E4EE14D4-C8D0-33CE-A3D6-0CF17ADE86B0}.RelWithDebInfo|x64.ActiveCfg = RelWithDebInfo|x64
		{E4EE14D4-C8D0-33CE-A3D6-0CF17ADE86B0}.RelWithDebInfo|x64.Build.0 = RelWithDebInfo|x64
		{EA4A3F87-144F-3921-94A2-0C7173AB75A9}.Debug|x64.ActiveCfg = Debug|x64
		{EA4A3F87-144F-3921-94A2-0C7173AB75A9}.Debug|x64.Build.0 = Debug|x64
		{EA4A3F87-144F-3921-94A2-0C7173AB75A9}.Release|x64.ActiveCfg = Release|x64
		{EA4A3F87-144F-3921-94A2-0C7173AB75A9}.Release|x64.Build.0 = Release|x64
		{EA4A3F87-144F-3921-94A2-0C7173AB75A9}.MinSizeRel|x64.ActiveCfg = MinSizeRel|x64
		{EA4A3F87-144F-3921-94A2-0C7173AB75A9}.MinSizeRel|x64.Build.0 = MinSizeRel|x64
		{EA4A3F87-144F-3921-94A2-0C7173AB75A9}.RelWithDebInfo|x64.ActiveCfg = RelWithDebInfo|x64
		{EA4A3F87-144F-3921-94A2-0C7173AB75A9}.RelWithDebInfo|x64.Build.0 = RelWithDebInfo|x64
		{A56002CF-317B-39DD-889A-9EE673E97042}.Debug|x64.ActiveCfg = Debug|x64
		{A56002CF-317B-39DD-889A-9EE673E97042}.Debug|x64.Build.0 = Debug|x64
		{A56002CF-317B-39DD-889A-9EE673E97042}.Release|x64.ActiveCfg = Release|x64
		{A56002CF-317B-39DD-889A-9EE673E97042}.Release|x64.Build.0 = Release|x64
		{A56002CF-317B-39DD-889A-9EE673E97042}.MinSizeRel|x64.ActiveCfg = MinSizeRel|x64
		{A56002CF-317B-39DD-889A-9EE673E97042}.MinSizeRel|x64.Build.0 = MinSizeRel|x64
		{A56002CF-317B-39DD-889A-9EE673E97042}.RelWithDebInfo|x64.ActiveCfg = RelWithDebInfo|x64
		{A56002CF-317B-39DD-889A-9EE673E97042}.RelWithDebInfo|x64.Build.0 = RelWithDebInfo|x64
		{4D0FC816-6359-38E8-9B36-73B883F2B4D2}.Debug|x64.ActiveCfg = Debug|x64
		{4D0FC816-6359-38E8-9B36-73B883F2B4D2}.Debug|x64.Build.0 = Debug|x64
		{4D0FC816-6359-38E8-9B36-73B883F2B4D2}.Release|x64.ActiveCfg = Release|x64
		{4D0FC816-6359-38E8-9B36-73B883F2B4D2}.Release|x64.Build.0 = Release|x64
		{4D0FC816-6359-38E8-9B36-73B883F2B4D2}.MinSizeRel|x64.ActiveCfg = MinSizeRel|x64
		{4D0FC816-6359-38E8-9B36-73B883F2B4D2}.MinSizeRel|x64.Build.0 = MinSizeRel|x64
		{4D0FC816-6359-38E8-9B36-73B883F2B4D2}.RelWithDebInfo|x64.ActiveCfg = RelWithDebInfo|x64
		{4D0FC816-6359-38E8-9B36-73B883F2B4D2}.RelWithDebInfo|x64.Build.0 = RelWithDebInfo|x64
		{FDCE5E03-AF67-3D5D-A56A-AEFECCF7109A}.Debug|x64.ActiveCfg = Debug|x64
		{FDCE5E03-AF67-3D5D-A56A-AEFECCF7109A}.Debug|x64.Build.0 = Debug|x64
		{FDCE5E03-AF67-3D5D-A56A-AEFECCF7109A}.Release|x64.ActiveCfg = Release|x64
		{FDCE5E03-AF67-3D5D-A56A-AEFECCF7109A}.Release|x64.Build.0 = Release|x64
		{FDCE5E03-AF67-3D5D-A56A-AEFECCF7109A}.MinSizeRel|x64.ActiveCfg = MinSizeRel|x64
		{FDCE5E03-AF67-3D5D-A56A-AEFECCF7109A}.MinSizeRel|x64.Build.0 = MinSizeRel|x64
		{FDCE5E03-AF67-3D5D-A56A-AEFECCF7109A}.RelWithDebInfo|x64.ActiveCfg = RelWithDebInfo|x64
		{FDCE5E03-AF67-3D5D-A56A-AEFECCF7109A}.RelWithDebInfo|x64.Build.0 = RelWithDebInfo|x64
		{B7970E31-C55C-3090-AD76-C06CB5697E12}.Debug|x64.ActiveCfg = Debug|x64
		{B7970E31-C55C-3090-AD76-C06CB5697E12}.Debug|x64.Build.0 = Debug|x64
		{B7970E31-C55C-3090-AD76-C06CB5697E12}.Release|x64.ActiveCfg = Release|x64
		{B7970E31-C55C-3090-AD76-C06CB5697E12}.Release|x64.Build.0 = Release|x64
		{B7970E31-C55C-3090-AD76-C06CB5697E12}.MinSizeRel|x64.ActiveCfg = MinSizeRel|x64
		{B7970E31-C55C-3090-AD76-C06CB5697E12}.MinSizeRel|x64.Build.0 = MinSizeRel|x64
		{B7970E31-C55C-3090-AD76-C06CB5697E12}.RelWithDebInfo|x64.ActiveCfg = RelWithDebInfo|x64
		{B7970E31-C55C-3090-AD76-C06CB5697E12}.RelWithDebInfo|x64.Build.0 = RelWithDebInfo|x64
		{C6608A3B-A579-3A67-AE8A-E01111A364BE}.Debug|x64.ActiveCfg = Debug|x64
		{C6608A3B-A579-3A67-AE8A-E01111A364BE}.Debug|x64.Build.0 = Debug|x64
		{C6608A3B-A579-3A67-AE8A-E01111A364BE}.Release|x64.ActiveCfg = Release|x64
		{C6608A3B-A579-3A67-AE8A-E01111A364BE}.Release|x64.Build.0 = Release|x64
		{C6608A3B-A579-3A67-AE8A-E01111A364BE}.MinSizeRel|x64.ActiveCfg = MinSizeRel|x64
		{C6608A3B-A579-3A67-AE8A-E01111A364BE}.MinSizeRel|x64.Build.0 = MinSizeRel|x64
		{C6608A3B-A579-3A67-AE8A-E01111A364BE}.RelWithDebInfo|x64.ActiveCfg = RelWithDebInfo|x64
		{C6608A3B-A579-3A67-AE8A-E01111A364BE}.RelWithDebInfo|x64.Build.0 = RelWithDebInfo|x64
		{70DC9607-03E8-3F24-A4B2-AED22B46E7A0}.Debug|x64.ActiveCfg = Debug|x64
		{70DC9607-03E8-3F24-A4B2-AED22B46E7A0}.Debug|x64.Build.0 = Debug|x64
		{70DC9607-03E8-3F24-A4B2-AED22B46E7A0}.Release|x64.ActiveCfg = Release|x64
		{70DC9607-03E8-3F24-A4B2-AED22B46E7A0}.Release|x64.Build.0 = Release|x64
		{70DC9607-03E8-3F24-A4B2-AED22B46E7A0}.MinSizeRel|x64.ActiveCfg = MinSizeRel|x64
		{70DC9607-03E8-3F24-A4B2-AED22B46E7A0}.MinSizeRel|x64.Build.0 = MinSizeRel|x64
		{70DC9607-03E8-3F24-A4B2-AED22B46E7A0}.RelWithDebInfo|x64.ActiveCfg = RelWithDebInfo|x64
		{70DC9607-03E8-3F24-A4B2-AED22B46E7A0}.RelWithDebInfo|x64.Build.0 = RelWithDebInfo|x64
		{485EAE47-A81D-3E5C-BEB5-4366FA428900}.Debug|x64.ActiveCfg = Debug|x64
		{485EAE47-A81D-3E5C-BEB5-4366FA428900}.Debug|x64.Build.0 = Debug|x64
		{485EAE47-A81D-3E5C-BEB5-4366FA428900}.Release|x64.ActiveCfg = Release|x64
		{485EAE47-A81D-3E5C-BEB5-4366FA428900}.Release|x64.Build.0 = Release|x64
		{485EAE47-A81D-3E5C-BEB5-4366FA428900}.MinSizeRel|x64.ActiveCfg = MinSizeRel|x64
		{485EAE47-A81D-3E5C-BEB5-4366FA428900}.MinSizeRel|x64.Build.0 = MinSizeRel|x64
		{485EAE47-A81D-3E5C-BEB5-4366FA428900}.RelWithDebInfo|x64.ActiveCfg = RelWithDebInfo|x64
		{485EAE47-A81D-3E5C-BEB5-4366FA428900}.RelWithDebInfo|x64.Build.0 = RelWithDebInfo|x64
		{C3EF2EE8-6876-3788-AA49-A4831CE44295}.Debug|x64.ActiveCfg = Debug|x64
		{C3EF2EE8-6876-3788-AA49-A4831CE44295}.Debug|x64.Build.0 = Debug|x64
		{C3EF2EE8-6876-3788-AA49-A4831CE44295}.Release|x64.ActiveCfg = Release|x64
		{C3EF2EE8-6876-3788-AA49-A4831CE44295}.Release|x64.Build.0 = Release|x64
		{C3EF2EE8-6876-3788-AA49-A4831CE44295}.MinSizeRel|x64.ActiveCfg = MinSizeRel|x64
		{C3EF2EE8-6876-3788-AA49-A4831CE44295}.MinSizeRel|x64.Build.0 = MinSizeRel|x64
		{C3EF2EE8-6876-3788-AA49-A4831CE44295}.RelWithDebInfo|x64.ActiveCfg = RelWithDebInfo|x64
		{C3EF2EE8-6876-3788-AA49-A4831CE44295}.RelWithDebInfo|x64.Build.0 = RelWithDebInfo|x64
		{3A7B8670-6B35-3DBD-9C8C-5D29183BFE4E}.Debug|x64.ActiveCfg = Debug|x64
		{3A7B8670-6B35-3DBD-9C8C-5D29183BFE4E}.Debug|x64.Build.0 = Debug|x64
		{3A7B8670-6B35-3DBD-9C8C-5D29183BFE4E}.Release|x64.ActiveCfg = Release|x64
		{3A7B8670-6B35-3DBD-9C8C-5D29183BFE4E}.Release|x64.Build.0 = Release|x64
		{3A7B8670-6B35-3DBD-9C8C-5D29183BFE4E}.MinSizeRel|x64.ActiveCfg = MinSizeRel|x64
		{3A7B8670-6B35-3DBD-9C8C-5D29183BFE4E}.MinSizeRel|x64.Build.0 = MinSizeRel|x64
		{3A7B8670-6B35-3DBD-9C8C-5D29183BFE4E}.RelWithDebInfo|x64.ActiveCfg = RelWithDebInfo|x64
		{3A7B8670-6B35-3DBD-9C8C-5D29183BFE4E}.RelWithDebInfo|x64.Build.0 = RelWithDebInfo|x64
		{3BD86F75-D90C-30CD-93F2-76D484A5DFFB}.Debug|x64.ActiveCfg = Debug|x64
		{3BD86F75-D90C-30CD-93F2-76D484A5DFFB}.Debug|x64.Build.0 = Debug|x64
		{3BD86F75-D90C-30CD-93F2-76D484A5DFFB}.Release|x64.ActiveCfg = Release|x64
		{3BD86F75-D90C-30CD-93F2-76D484A5DFFB}.Release|x64.Build.0 = Release|x64
		{3BD86F75-D90C-30CD-93F2-76D484A5DFFB}.MinSizeRel|x64.ActiveCfg = MinSizeRel|x64
		{3BD86F75-D90C-30CD-93F2-76D484A5DFFB}.MinSizeRel|x64.Build.0 = MinSizeRel|x64
		{3BD86F75-D90C-30CD-93F2-76D484A5DFFB}.RelWithDebInfo|x64.ActiveCfg = RelWithDebInfo|x64
		{3BD86F75-D90C-30CD-93F2-76D484A5DFFB}.RelWithDebInfo|x64.Build.0 = RelWithDebInfo|x64
		{8851E8C6-76F4-3135-8905-B5DF82F26548}.Debug|x64.ActiveCfg = Debug|x64
		{8851E8C6-76F4-3135-8905-B5DF82F26548}.Debug|x64.Build.0 = Debug|x64
		{8851E8C6-76F4-3135-8905-B5DF82F26548}.Release|x64.ActiveCfg = Release|x64
		{8851E8C6-76F4-3135-8905-B5DF82F26548}.Release|x64.Build.0 = Release|x64
		{8851E8C6-76F4-3135-8905-B5DF82F26548}.MinSizeRel|x64.ActiveCfg = MinSizeRel|x64
		{8851E8C6-76F4-3135-8905-B5DF82F26548}.MinSizeRel|x64.Build.0 = MinSizeRel|x64
		{8851E8C6-76F4-3135-8905-B5DF82F26548}.RelWithDebInfo|x64.ActiveCfg = RelWithDebInfo|x64
		{8851E8C6-76F4-3135-8905-B5DF82F26548}.RelWithDebInfo|x64.Build.0 = RelWithDebInfo|x64
		{BBEDC4A0-E3B9-35A2-A80C-77C805632716}.Debug|x64.ActiveCfg = Debug|x64
		{BBEDC4A0-E3B9-35A2-A80C-77C805632716}.Debug|x64.Build.0 = Debug|x64
		{BBEDC4A0-E3B9-35A2-A80C-77C805632716}.Release|x64.ActiveCfg = Release|x64
		{BBEDC4A0-E3B9-35A2-A80C-77C805632716}.Release|x64.Build.0 = Release|x64
		{BBEDC4A0-E3B9-35A2-A80C-77C805632716}.MinSizeRel|x64.ActiveCfg = MinSizeRel|x64
		{BBEDC4A0-E3B9-35A2-A80C-77C805632716}.MinSizeRel|x64.Build.0 = MinSizeRel|x64
		{BBEDC4A0-E3B9-35A2-A80C-77C805632716}.RelWithDebInfo|x64.ActiveCfg = RelWithDebInfo|x64
		{BBEDC4A0-E3B9-35A2-A80C-77C805632716}.RelWithDebInfo|x64.Build.0 = RelWithDebInfo|x64
		{1ABCEF82-C0BB-3F03-AB42-90F0AE847D98}.Debug|x64.ActiveCfg = Debug|x64
		{1ABCEF82-C0BB-3F03-AB42-90F0AE847D98}.Debug|x64.Build.0 = Debug|x64
		{1ABCEF82-C0BB-3F03-AB42-90F0AE847D98}.Release|x64.ActiveCfg = Release|x64
		{1ABCEF82-C0BB-3F03-AB42-90F0AE847D98}.Release|x64.Build.0 = Release|x64
		{1ABCEF82-C0BB-3F03-AB42-90F0AE847D98}.MinSizeRel|x64.ActiveCfg = MinSizeRel|x64
		{1ABCEF82-C0BB-3F03-AB42-90F0AE847D98}.MinSizeRel|x64.Build.0 = MinSizeRel|x64
		{1ABCEF82-C0BB-3F03-AB42-90F0AE847D98}.RelWithDebInfo|x64.ActiveCfg = RelWithDebInfo|x64
		{1ABCEF82-C0BB-3F03-AB42-90F0AE847D98}.RelWithDebInfo|x64.Build.0 = RelWithDebInfo|x64
		{D488AE9F-18B2-3E18-8CDE-EA2ED2FD047A}.Debug|x64.ActiveCfg = Debug|x64
		{D488AE9F-18B2-3E18-8CDE-EA2ED2FD047A}.Debug|x64.Build.0 = Debug|x64
		{D488AE9F-18B2-3E18-8CDE-EA2ED2FD047A}.Release|x64.ActiveCfg = Release|x64
		{D488AE9F-18B2-3E18-8CDE-EA2ED2FD047A}.Release|x64.Build.0 = Release|x64
		{D488AE9F-18B2-3E18-8CDE-EA2ED2FD047A}.MinSizeRel|x64.ActiveCfg = MinSizeRel|x64
		{D488AE9F-18B2-3E18-8CDE-EA2ED2FD047A}.MinSizeRel|x64.Build.0 = MinSizeRel|x64
		{D488AE9F-18B2-3E18-8CDE-EA2ED2FD047A}.RelWithDebInfo|x64.ActiveCfg = RelWithDebInfo|x64
		{D488AE9F-18B2-3E18-8CDE-EA2ED2FD047A}.RelWithDebInfo|x64.Build.0 = RelWithDebInfo|x64
		{8EACB996-0127-3682-9618-DC79887770E5}.Debug|x64.ActiveCfg = Debug|x64
		{8EACB996-0127-3682-9618-DC79887770E5}.Debug|x64.Build.0 = Debug|x64
		{8EACB996-0127-3682-9618-DC79887770E5}.Release|x64.ActiveCfg = Release|x64
		{8EACB996-0127-3682-9618-DC79887770E5}.Release|x64.Build.0 = Release|x64
		{8EACB996-0127-3682-9618-DC79887770E5}.MinSizeRel|x64.ActiveCfg = MinSizeRel|x64
		{8EACB996-0127-3682-9618-DC79887770E5}.MinSizeRel|x64.Build.0 = MinSizeRel|x64
		{8EACB996-0127-3682-9618-DC79887770E5}.RelWithDebInfo|x64.ActiveCfg = RelWithDebInfo|x64
		{8EACB996-0127-3682-9618-DC79887770E5}.RelWithDebInfo|x64.Build.0 = RelWithDebInfo|x64
		{16487883-61E7-33A6-B348-C715E38CF9DA}.Debug|x64.ActiveCfg = Debug|x64
		{16487883-61E7-33A6-B348-C715E38CF9DA}.Debug|x64.Build.0 = Debug|x64
		{16487883-61E7-33A6-B348-C715E38CF9DA}.Release|x64.ActiveCfg = Release|x64
		{16487883-61E7-33A6-B348-C715E38CF9DA}.Release|x64.Build.0 = Release|x64
		{16487883-61E7-33A6-B348-C715E38CF9DA}.MinSizeRel|x64.ActiveCfg = MinSizeRel|x64
		{16487883-61E7-33A6-B348-C715E38CF9DA}.MinSizeRel|x64.Build.0 = MinSizeRel|x64
		{16487883-61E7-33A6-B348-C715E38CF9DA}.RelWithDebInfo|x64.ActiveCfg = RelWithDebInfo|x64
		{16487883-61E7-33A6-B348-C715E38CF9DA}.RelWithDebInfo|x64.Build.0 = RelWithDebInfo|x64
		{BA5BEAF4-00C2-34BC-96D0-C36A3BBB13A7}.Debug|x64.ActiveCfg = Debug|x64
		{BA5BEAF4-00C2-34BC-96D0-C36A3BBB13A7}.Debug|x64.Build.0 = Debug|x64
		{BA5BEAF4-00C2-34BC-96D0-C36A3BBB13A7}.Release|x64.ActiveCfg = Release|x64
		{BA5BEAF4-00C2-34BC-96D0-C36A3BBB13A7}.Release|x64.Build.0 = Release|x64
		{BA5BEAF4-00C2-34BC-96D0-C36A3BBB13A7}.MinSizeRel|x64.ActiveCfg = MinSizeRel|x64
		{BA5BEAF4-00C2-34BC-96D0-C36A3BBB13A7}.MinSizeRel|x64.Build.0 = MinSizeRel|x64
		{BA5BEAF4-00C2-34BC-96D0-C36A3BBB13A7}.RelWithDebInfo|x64.ActiveCfg = RelWithDebInfo|x64
		{BA5BEAF4-00C2-34BC-96D0-C36A3BBB13A7}.RelWithDebInfo|x64.Build.0 = RelWithDebInfo|x64
		{E1CA3410-CDC9-3573-A47A-1B6D477188CC}.Debug|x64.ActiveCfg = Debug|x64
		{E1CA3410-CDC9-3573-A47A-1B6D477188CC}.Debug|x64.Build.0 = Debug|x64
		{E1CA3410-CDC9-3573-A47A-1B6D477188CC}.Release|x64.ActiveCfg = Release|x64
		{E1CA3410-CDC9-3573-A47A-1B6D477188CC}.Release|x64.Build.0 = Release|x64
		{E1CA3410-CDC9-3573-A47A-1B6D477188CC}.MinSizeRel|x64.ActiveCfg = MinSizeRel|x64
		{E1CA3410-CDC9-3573-A47A-1B6D477188CC}.MinSizeRel|x64.Build.0 = MinSizeRel|x64
		{E1CA3410-CDC9-3573-A47A-1B6D477188CC}.RelWithDebInfo|x64.ActiveCfg = RelWithDebInfo|x64
		{E1CA3410-CDC9-3573-A47A-1B6D477188CC}.RelWithDebInfo|x64.Build.0 = RelWithDebInfo|x64
		{35A132FA-6316-37C9-966B-3A8214C2B51B}.Debug|x64.ActiveCfg = Debug|x64
		{35A132FA-6316-37C9-966B-3A8214C2B51B}.Debug|x64.Build.0 = Debug|x64
		{35A132FA-6316-37C9-966B-3A8214C2B51B}.Release|x64.ActiveCfg = Release|x64
		{35A132FA-6316-37C9-966B-3A8214C2B51B}.Release|x64.Build.0 = Release|x64
		{35A132FA-6316-37C9-966B-3A8214C2B51B}.MinSizeRel|x64.ActiveCfg = MinSizeRel|x64
		{35A132FA-6316-37C9-966B-3A8214C2B51B}.MinSizeRel|x64.Build.0 = MinSizeRel|x64
		{35A132FA-6316-37C9-966B-3A8214C2B51B}.RelWithDebInfo|x64.ActiveCfg = RelWithDebInfo|x64
		{35A132FA-6316-37C9-966B-3A8214C2B51B}.RelWithDebInfo|x64.Build.0 = RelWithDebInfo|x64
		{50DCD2E6-4072-33D6-BEF4-DB17BBEDF726}.Debug|x64.ActiveCfg = Debug|x64
		{50DCD2E6-4072-33D6-BEF4-DB17BBEDF726}.Debug|x64.Build.0 = Debug|x64
		{50DCD2E6-4072-33D6-BEF4-DB17BBEDF726}.Release|x64.ActiveCfg = Release|x64
		{50DCD2E6-4072-33D6-BEF4-DB17BBEDF726}.Release|x64.Build.0 = Release|x64
		{50DCD2E6-4072-33D6-BEF4-DB17BBEDF726}.MinSizeRel|x64.ActiveCfg = MinSizeRel|x64
		{50DCD2E6-4072-33D6-BEF4-DB17BBEDF726}.MinSizeRel|x64.Build.0 = MinSizeRel|x64
		{50DCD2E6-4072-33D6-BEF4-DB17BBEDF726}.RelWithDebInfo|x64.ActiveCfg = RelWithDebInfo|x64
		{50DCD2E6-4072-33D6-BEF4-DB17BBEDF726}.RelWithDebInfo|x64.Build.0 = RelWithDebInfo|x64
		{CD0ECF2A-2BC7-32CE-90A3-D2F49E4D2569}.Debug|x64.ActiveCfg = Debug|x64
		{CD0ECF2A-2BC7-32CE-90A3-D2F49E4D2569}.Debug|x64.Build.0 = Debug|x64
		{CD0ECF2A-2BC7-32CE-90A3-D2F49E4D2569}.Release|x64.ActiveCfg = Release|x64
		{CD0ECF2A-2BC7-32CE-90A3-D2F49E4D2569}.Release|x64.Build.0 = Release|x64
		{CD0ECF2A-2BC7-32CE-90A3-D2F49E4D2569}.MinSizeRel|x64.ActiveCfg = MinSizeRel|x64
		{CD0ECF2A-2BC7-32CE-90A3-D2F49E4D2569}.MinSizeRel|x64.Build.0 = MinSizeRel|x64
		{CD0ECF2A-2BC7-32CE-90A3-D2F49E4D2569}.RelWithDebInfo|x64.ActiveCfg = RelWithDebInfo|x64
		{CD0ECF2A-2BC7-32CE-90A3-D2F49E4D2569}.RelWithDebInfo|x64.Build.0 = RelWithDebInfo|x64
		{7C6C84B1-DEC3-37C2-A0D8-56610BFFC59B}.Debug|x64.ActiveCfg = Debug|x64
		{7C6C84B1-DEC3-37C2-A0D8-56610BFFC59B}.Debug|x64.Build.0 = Debug|x64
		{7C6C84B1-DEC3-37C2-A0D8-56610BFFC59B}.Release|x64.ActiveCfg = Release|x64
		{7C6C84B1-DEC3-37C2-A0D8-56610BFFC59B}.Release|x64.Build.0 = Release|x64
		{7C6C84B1-DEC3-37C2-A0D8-56610BFFC59B}.MinSizeRel|x64.ActiveCfg = MinSizeRel|x64
		{7C6C84B1-DEC3-37C2-A0D8-56610BFFC59B}.MinSizeRel|x64.Build.0 = MinSizeRel|x64
		{7C6C84B1-DEC3-37C2-A0D8-56610BFFC59B}.RelWithDebInfo|x64.ActiveCfg = RelWithDebInfo|x64
		{7C6C84B1-DEC3-37C2-A0D8-56610BFFC59B}.RelWithDebInfo|x64.Build.0 = RelWithDebInfo|x64
		{19E0D10D-2CC4-325B-B28F-E92CFDEB42B4}.Debug|x64.ActiveCfg = Debug|x64
		{19E0D10D-2CC4-325B-B28F-E92CFDEB42B4}.Debug|x64.Build.0 = Debug|x64
		{19E0D10D-2CC4-325B-B28F-E92CFDEB42B4}.Release|x64.ActiveCfg = Release|x64
		{19E0D10D-2CC4-325B-B28F-E92CFDEB42B4}.Release|x64.Build.0 = Release|x64
		{19E0D10D-2CC4-325B-B28F-E92CFDEB42B4}.MinSizeRel|x64.ActiveCfg = MinSizeRel|x64
		{19E0D10D-2CC4-325B-B28F-E92CFDEB42B4}.MinSizeRel|x64.Build.0 = MinSizeRel|x64
		{19E0D10D-2CC4-325B-B28F-E92CFDEB42B4}.RelWithDebInfo|x64.ActiveCfg = RelWithDebInfo|x64
		{19E0D10D-2CC4-325B-B28F-E92CFDEB42B4}.RelWithDebInfo|x64.Build.0 = RelWithDebInfo|x64
		{ED4D4A6E-8184-3518-9FC0-75ACF067EA0F}.Debug|x64.ActiveCfg = Debug|x64
		{ED4D4A6E-8184-3518-9FC0-75ACF067EA0F}.Debug|x64.Build.0 = Debug|x64
		{ED4D4A6E-8184-3518-9FC0-75ACF067EA0F}.Release|x64.ActiveCfg = Release|x64
		{ED4D4A6E-8184-3518-9FC0-75ACF067EA0F}.Release|x64.Build.0 = Release|x64
		{ED4D4A6E-8184-3518-9FC0-75ACF067EA0F}.MinSizeRel|x64.ActiveCfg = MinSizeRel|x64
		{ED4D4A6E-8184-3518-9FC0-75ACF067EA0F}.MinSizeRel|x64.Build.0 = MinSizeRel|x64
		{ED4D4A6E-8184-3518-9FC0-75ACF067EA0F}.RelWithDebInfo|x64.ActiveCfg = RelWithDebInfo|x64
		{ED4D4A6E-8184-3518-9FC0-75ACF067EA0F}.RelWithDebInfo|x64.Build.0 = RelWithDebInfo|x64
		{ADDE39B7-0EFB-3DCA-B8B1-37B05CAF6CE2}.Debug|x64.ActiveCfg = Debug|x64
		{ADDE39B7-0EFB-3DCA-B8B1-37B05CAF6CE2}.Debug|x64.Build.0 = Debug|x64
		{ADDE39B7-0EFB-3DCA-B8B1-37B05CAF6CE2}.Release|x64.ActiveCfg = Release|x64
		{ADDE39B7-0EFB-3DCA-B8B1-37B05CAF6CE2}.Release|x64.Build.0 = Release|x64
		{ADDE39B7-0EFB-3DCA-B8B1-37B05CAF6CE2}.MinSizeRel|x64.ActiveCfg = MinSizeRel|x64
		{ADDE39B7-0EFB-3DCA-B8B1-37B05CAF6CE2}.MinSizeRel|x64.Build.0 = MinSizeRel|x64
		{ADDE39B7-0EFB-3DCA-B8B1-37B05CAF6CE2}.RelWithDebInfo|x64.ActiveCfg = RelWithDebInfo|x64
		{ADDE39B7-0EFB-3DCA-B8B1-37B05CAF6CE2}.RelWithDebInfo|x64.Build.0 = RelWithDebInfo|x64
		{114CA7FF-FCF6-359A-B619-FF33E30611DF}.Debug|x64.ActiveCfg = Debug|x64
		{114CA7FF-FCF6-359A-B619-FF33E30611DF}.Debug|x64.Build.0 = Debug|x64
		{114CA7FF-FCF6-359A-B619-FF33E30611DF}.Release|x64.ActiveCfg = Release|x64
		{114CA7FF-FCF6-359A-B619-FF33E30611DF}.Release|x64.Build.0 = Release|x64
		{114CA7FF-FCF6-359A-B619-FF33E30611DF}.MinSizeRel|x64.ActiveCfg = MinSizeRel|x64
		{114CA7FF-FCF6-359A-B619-FF33E30611DF}.MinSizeRel|x64.Build.0 = MinSizeRel|x64
		{114CA7FF-FCF6-359A-B619-FF33E30611DF}.RelWithDebInfo|x64.ActiveCfg = RelWithDebInfo|x64
		{114CA7FF-FCF6-359A-B619-FF33E30611DF}.RelWithDebInfo|x64.Build.0 = RelWithDebInfo|x64
		{5793252A-E937-35DD-900F-4DAE07131A1A}.Debug|x64.ActiveCfg = Debug|x64
		{5793252A-E937-35DD-900F-4DAE07131A1A}.Debug|x64.Build.0 = Debug|x64
		{5793252A-E937-35DD-900F-4DAE07131A1A}.Release|x64.ActiveCfg = Release|x64
		{5793252A-E937-35DD-900F-4DAE07131A1A}.Release|x64.Build.0 = Release|x64
		{5793252A-E937-35DD-900F-4DAE07131A1A}.MinSizeRel|x64.ActiveCfg = MinSizeRel|x64
		{5793252A-E937-35DD-900F-4DAE07131A1A}.MinSizeRel|x64.Build.0 = MinSizeRel|x64
		{5793252A-E937-35DD-900F-4DAE07131A1A}.RelWithDebInfo|x64.ActiveCfg = RelWithDebInfo|x64
		{5793252A-E937-35DD-900F-4DAE07131A1A}.RelWithDebInfo|x64.Build.0 = RelWithDebInfo|x64
		{D31CEB75-04B2-3302-B719-B3885E49262A}.Debug|x64.ActiveCfg = Debug|x64
		{D31CEB75-04B2-3302-B719-B3885E49262A}.Debug|x64.Build.0 = Debug|x64
		{D31CEB75-04B2-3302-B719-B3885E49262A}.Release|x64.ActiveCfg = Release|x64
		{D31CEB75-04B2-3302-B719-B3885E49262A}.Release|x64.Build.0 = Release|x64
		{D31CEB75-04B2-3302-B719-B3885E49262A}.MinSizeRel|x64.ActiveCfg = MinSizeRel|x64
		{D31CEB75-04B2-3302-B719-B3885E49262A}.MinSizeRel|x64.Build.0 = MinSizeRel|x64
		{D31CEB75-04B2-3302-B719-B3885E49262A}.RelWithDebInfo|x64.ActiveCfg = RelWithDebInfo|x64
		{D31CEB75-04B2-3302-B719-B3885E49262A}.RelWithDebInfo|x64.Build.0 = RelWithDebInfo|x64
		{CBE68949-3BD0-33ED-8FE9-07BB236B1A3A}.Debug|x64.ActiveCfg = Debug|x64
		{CBE68949-3BD0-33ED-8FE9-07BB236B1A3A}.Debug|x64.Build.0 = Debug|x64
		{CBE68949-3BD0-33ED-8FE9-07BB236B1A3A}.Release|x64.ActiveCfg = Release|x64
		{CBE68949-3BD0-33ED-8FE9-07BB236B1A3A}.Release|x64.Build.0 = Release|x64
		{CBE68949-3BD0-33ED-8FE9-07BB236B1A3A}.MinSizeRel|x64.ActiveCfg = MinSizeRel|x64
		{CBE68949-3BD0-33ED-8FE9-07BB236B1A3A}.MinSizeRel|x64.Build.0 = MinSizeRel|x64
		{CBE68949-3BD0-33ED-8FE9-07BB236B1A3A}.RelWithDebInfo|x64.ActiveCfg = RelWithDebInfo|x64
		{CBE68949-3BD0-33ED-8FE9-07BB236B1A3A}.RelWithDebInfo|x64.Build.0 = RelWithDebInfo|x64
		{9FCB33BD-4F3A-3E07-9D01-F9B284A76A69}.Debug|x64.ActiveCfg = Debug|x64
		{9FCB33BD-4F3A-3E07-9D01-F9B284A76A69}.Debug|x64.Build.0 = Debug|x64
		{9FCB33BD-4F3A-3E07-9D01-F9B284A76A69}.Release|x64.ActiveCfg = Release|x64
		{9FCB33BD-4F3A-3E07-9D01-F9B284A76A69}.Release|x64.Build.0 = Release|x64
		{9FCB33BD-4F3A-3E07-9D01-F9B284A76A69}.MinSizeRel|x64.ActiveCfg = MinSizeRel|x64
		{9FCB33BD-4F3A-3E07-9D01-F9B284A76A69}.MinSizeRel|x64.Build.0 = MinSizeRel|x64
		{9FCB33BD-4F3A-3E07-9D01-F9B284A76A69}.RelWithDebInfo|x64.ActiveCfg = RelWithDebInfo|x64
		{9FCB33BD-4F3A-3E07-9D01-F9B284A76A69}.RelWithDebInfo|x64.Build.0 = RelWithDebInfo|x64
		{1A1B6CB5-1703-3465-A50C-DBF116AD275D}.Debug|x64.ActiveCfg = Debug|x64
		{1A1B6CB5-1703-3465-A50C-DBF116AD275D}.Debug|x64.Build.0 = Debug|x64
		{1A1B6CB5-1703-3465-A50C-DBF116AD275D}.Release|x64.ActiveCfg = Release|x64
		{1A1B6CB5-1703-3465-A50C-DBF116AD275D}.Release|x64.Build.0 = Release|x64
		{1A1B6CB5-1703-3465-A50C-DBF116AD275D}.MinSizeRel|x64.ActiveCfg = MinSizeRel|x64
		{1A1B6CB5-1703-3465-A50C-DBF116AD275D}.MinSizeRel|x64.Build.0 = MinSizeRel|x64
		{1A1B6CB5-1703-3465-A50C-DBF116AD275D}.RelWithDebInfo|x64.ActiveCfg = RelWithDebInfo|x64
		{1A1B6CB5-1703-3465-A50C-DBF116AD275D}.RelWithDebInfo|x64.Build.0 = RelWithDebInfo|x64
		{23A3BD79-1571-3480-BFC6-18ED1CE154A1}.Debug|x64.ActiveCfg = Debug|x64
		{23A3BD79-1571-3480-BFC6-18ED1CE154A1}.Debug|x64.Build.0 = Debug|x64
		{23A3BD79-1571-3480-BFC6-18ED1CE154A1}.Release|x64.ActiveCfg = Release|x64
		{23A3BD79-1571-3480-BFC6-18ED1CE154A1}.Release|x64.Build.0 = Release|x64
		{23A3BD79-1571-3480-BFC6-18ED1CE154A1}.MinSizeRel|x64.ActiveCfg = MinSizeRel|x64
		{23A3BD79-1571-3480-BFC6-18ED1CE154A1}.MinSizeRel|x64.Build.0 = MinSizeRel|x64
		{23A3BD79-1571-3480-BFC6-18ED1CE154A1}.RelWithDebInfo|x64.ActiveCfg = RelWithDebInfo|x64
		{23A3BD79-1571-3480-BFC6-18ED1CE154A1}.RelWithDebInfo|x64.Build.0 = RelWithDebInfo|x64
		{5B42DB4A-6169-343D-B930-FA13EEB12AC7}.Debug|x64.ActiveCfg = Debug|x64
		{5B42DB4A-6169-343D-B930-FA13EEB12AC7}.Debug|x64.Build.0 = Debug|x64
		{5B42DB4A-6169-343D-B930-FA13EEB12AC7}.Release|x64.ActiveCfg = Release|x64
		{5B42DB4A-6169-343D-B930-FA13EEB12AC7}.Release|x64.Build.0 = Release|x64
		{5B42DB4A-6169-343D-B930-FA13EEB12AC7}.MinSizeRel|x64.ActiveCfg = MinSizeRel|x64
		{5B42DB4A-6169-343D-B930-FA13EEB12AC7}.MinSizeRel|x64.Build.0 = MinSizeRel|x64
		{5B42DB4A-6169-343D-B930-FA13EEB12AC7}.RelWithDebInfo|x64.ActiveCfg = RelWithDebInfo|x64
		{5B42DB4A-6169-343D-B930-FA13EEB12AC7}.RelWithDebInfo|x64.Build.0 = RelWithDebInfo|x64
		{D8F31D8D-B136-338F-92E7-17DADFA5A661}.Debug|x64.ActiveCfg = Debug|x64
		{D8F31D8D-B136-338F-92E7-17DADFA5A661}.Debug|x64.Build.0 = Debug|x64
		{D8F31D8D-B136-338F-92E7-17DADFA5A661}.Release|x64.ActiveCfg = Release|x64
		{D8F31D8D-B136-338F-92E7-17DADFA5A661}.Release|x64.Build.0 = Release|x64
		{D8F31D8D-B136-338F-92E7-17DADFA5A661}.MinSizeRel|x64.ActiveCfg = MinSizeRel|x64
		{D8F31D8D-B136-338F-92E7-17DADFA5A661}.MinSizeRel|x64.Build.0 = MinSizeRel|x64
		{D8F31D8D-B136-338F-92E7-17DADFA5A661}.RelWithDebInfo|x64.ActiveCfg = RelWithDebInfo|x64
		{D8F31D8D-B136-338F-92E7-17DADFA5A661}.RelWithDebInfo|x64.Build.0 = RelWithDebInfo|x64
		{D109082B-5D87-35F6-828F-A225819923C8}.Debug|x64.ActiveCfg = Debug|x64
		{D109082B-5D87-35F6-828F-A225819923C8}.Debug|x64.Build.0 = Debug|x64
		{D109082B-5D87-35F6-828F-A225819923C8}.Release|x64.ActiveCfg = Release|x64
		{D109082B-5D87-35F6-828F-A225819923C8}.Release|x64.Build.0 = Release|x64
		{D109082B-5D87-35F6-828F-A225819923C8}.MinSizeRel|x64.ActiveCfg = MinSizeRel|x64
		{D109082B-5D87-35F6-828F-A225819923C8}.MinSizeRel|x64.Build.0 = MinSizeRel|x64
		{D109082B-5D87-35F6-828F-A225819923C8}.RelWithDebInfo|x64.ActiveCfg = RelWithDebInfo|x64
		{D109082B-5D87-35F6-828F-A225819923C8}.RelWithDebInfo|x64.Build.0 = RelWithDebInfo|x64
		{72797651-8F6A-3CE0-ABE6-3AD3F71E2E22}.Debug|x64.ActiveCfg = Debug|x64
		{72797651-8F6A-3CE0-ABE6-3AD3F71E2E22}.Debug|x64.Build.0 = Debug|x64
		{72797651-8F6A-3CE0-ABE6-3AD3F71E2E22}.Release|x64.ActiveCfg = Release|x64
		{72797651-8F6A-3CE0-ABE6-3AD3F71E2E22}.Release|x64.Build.0 = Release|x64
		{72797651-8F6A-3CE0-ABE6-3AD3F71E2E22}.MinSizeRel|x64.ActiveCfg = MinSizeRel|x64
		{72797651-8F6A-3CE0-ABE6-3AD3F71E2E22}.MinSizeRel|x64.Build.0 = MinSizeRel|x64
		{72797651-8F6A-3CE0-ABE6-3AD3F71E2E22}.RelWithDebInfo|x64.ActiveCfg = RelWithDebInfo|x64
		{72797651-8F6A-3CE0-ABE6-3AD3F71E2E22}.RelWithDebInfo|x64.Build.0 = RelWithDebInfo|x64
		{1589D98A-36B3-363F-A314-D46775FFD38A}.Debug|x64.ActiveCfg = Debug|x64
		{1589D98A-36B3-363F-A314-D46775FFD38A}.Debug|x64.Build.0 = Debug|x64
		{1589D98A-36B3-363F-A314-D46775FFD38A}.Release|x64.ActiveCfg = Release|x64
		{1589D98A-36B3-363F-A314-D46775FFD38A}.Release|x64.Build.0 = Release|x64
		{1589D98A-36B3-363F-A314-D46775FFD38A}.MinSizeRel|x64.ActiveCfg = MinSizeRel|x64
		{1589D98A-36B3-363F-A314-D46775FFD38A}.MinSizeRel|x64.Build.0 = MinSizeRel|x64
		{1589D98A-36B3-363F-A314-D46775FFD38A}.RelWithDebInfo|x64.ActiveCfg = RelWithDebInfo|x64
		{1589D98A-36B3-363F-A314-D46775FFD38A}.RelWithDebInfo|x64.Build.0 = RelWithDebInfo|x64
		{DBF3014F-C53A-3C62-A871-B7184D1CB28E}.Debug|x64.ActiveCfg = Debug|x64
		{DBF3014F-C53A-3C62-A871-B7184D1CB28E}.Debug|x64.Build.0 = Debug|x64
		{DBF3014F-C53A-3C62-A871-B7184D1CB28E}.Release|x64.ActiveCfg = Release|x64
		{DBF3014F-C53A-3C62-A871-B7184D1CB28E}.Release|x64.Build.0 = Release|x64
		{DBF3014F-C53A-3C62-A871-B7184D1CB28E}.MinSizeRel|x64.ActiveCfg = MinSizeRel|x64
		{DBF3014F-C53A-3C62-A871-B7184D1CB28E}.MinSizeRel|x64.Build.0 = MinSizeRel|x64
		{DBF3014F-C53A-3C62-A871-B7184D1CB28E}.RelWithDebInfo|x64.ActiveCfg = RelWithDebInfo|x64
		{DBF3014F-C53A-3C62-A871-B7184D1CB28E}.RelWithDebInfo|x64.Build.0 = RelWithDebInfo|x64
		{D1B740CC-4B4C-31BC-B926-EFA93CFF757C}.Debug|x64.ActiveCfg = Debug|x64
		{D1B740CC-4B4C-31BC-B926-EFA93CFF757C}.Debug|x64.Build.0 = Debug|x64
		{D1B740CC-4B4C-31BC-B926-EFA93CFF757C}.Release|x64.ActiveCfg = Release|x64
		{D1B740CC-4B4C-31BC-B926-EFA93CFF757C}.Release|x64.Build.0 = Release|x64
		{D1B740CC-4B4C-31BC-B926-EFA93CFF757C}.MinSizeRel|x64.ActiveCfg = MinSizeRel|x64
		{D1B740CC-4B4C-31BC-B926-EFA93CFF757C}.MinSizeRel|x64.Build.0 = MinSizeRel|x64
		{D1B740CC-4B4C-31BC-B926-EFA93CFF757C}.RelWithDebInfo|x64.ActiveCfg = RelWithDebInfo|x64
		{D1B740CC-4B4C-31BC-B926-EFA93CFF757C}.RelWithDebInfo|x64.Build.0 = RelWithDebInfo|x64
		{D78F47A6-8867-3D8A-B236-378E97F10B61}.Debug|x64.ActiveCfg = Debug|x64
		{D78F47A6-8867-3D8A-B236-378E97F10B61}.Debug|x64.Build.0 = Debug|x64
		{D78F47A6-8867-3D8A-B236-378E97F10B61}.Release|x64.ActiveCfg = Release|x64
		{D78F47A6-8867-3D8A-B236-378E97F10B61}.Release|x64.Build.0 = Release|x64
		{D78F47A6-8867-3D8A-B236-378E97F10B61}.MinSizeRel|x64.ActiveCfg = MinSizeRel|x64
		{D78F47A6-8867-3D8A-B236-378E97F10B61}.MinSizeRel|x64.Build.0 = MinSizeRel|x64
		{D78F47A6-8867-3D8A-B236-378E97F10B61}.RelWithDebInfo|x64.ActiveCfg = RelWithDebInfo|x64
		{D78F47A6-8867-3D8A-B236-378E97F10B61}.RelWithDebInfo|x64.Build.0 = RelWithDebInfo|x64
		{6A646AA3-B482-3BA8-B8DB-0E0AC1F874D2}.Debug|x64.ActiveCfg = Debug|x64
		{6A646AA3-B482-3BA8-B8DB-0E0AC1F874D2}.Debug|x64.Build.0 = Debug|x64
		{6A646AA3-B482-3BA8-B8DB-0E0AC1F874D2}.Release|x64.ActiveCfg = Release|x64
		{6A646AA3-B482-3BA8-B8DB-0E0AC1F874D2}.Release|x64.Build.0 = Release|x64
		{6A646AA3-B482-3BA8-B8DB-0E0AC1F874D2}.MinSizeRel|x64.ActiveCfg = MinSizeRel|x64
		{6A646AA3-B482-3BA8-B8DB-0E0AC1F874D2}.MinSizeRel|x64.Build.0 = MinSizeRel|x64
		{6A646AA3-B482-3BA8-B8DB-0E0AC1F874D2}.RelWithDebInfo|x64.ActiveCfg = RelWithDebInfo|x64
		{6A646AA3-B482-3BA8-B8DB-0E0AC1F874D2}.RelWithDebInfo|x64.Build.0 = RelWithDebInfo|x64
		{5190DA31-2E8A-3F95-BE23-5808A7773460}.Debug|x64.ActiveCfg = Debug|x64
		{5190DA31-2E8A-3F95-BE23-5808A7773460}.Debug|x64.Build.0 = Debug|x64
		{5190DA31-2E8A-3F95-BE23-5808A7773460}.Release|x64.ActiveCfg = Release|x64
		{5190DA31-2E8A-3F95-BE23-5808A7773460}.Release|x64.Build.0 = Release|x64
		{5190DA31-2E8A-3F95-BE23-5808A7773460}.MinSizeRel|x64.ActiveCfg = MinSizeRel|x64
		{5190DA31-2E8A-3F95-BE23-5808A7773460}.MinSizeRel|x64.Build.0 = MinSizeRel|x64
		{5190DA31-2E8A-3F95-BE23-5808A7773460}.RelWithDebInfo|x64.ActiveCfg = RelWithDebInfo|x64
		{5190DA31-2E8A-3F95-BE23-5808A7773460}.RelWithDebInfo|x64.Build.0 = RelWithDebInfo|x64
		{178FC3E1-1C9B-312B-ABE5-4B3F01703327}.Debug|x64.ActiveCfg = Debug|x64
		{178FC3E1-1C9B-312B-ABE5-4B3F01703327}.Debug|x64.Build.0 = Debug|x64
		{178FC3E1-1C9B-312B-ABE5-4B3F01703327}.Release|x64.ActiveCfg = Release|x64
		{178FC3E1-1C9B-312B-ABE5-4B3F01703327}.Release|x64.Build.0 = Release|x64
		{178FC3E1-1C9B-312B-ABE5-4B3F01703327}.MinSizeRel|x64.ActiveCfg = MinSizeRel|x64
		{178FC3E1-1C9B-312B-ABE5-4B3F01703327}.MinSizeRel|x64.Build.0 = MinSizeRel|x64
		{178FC3E1-1C9B-312B-ABE5-4B3F01703327}.RelWithDebInfo|x64.ActiveCfg = RelWithDebInfo|x64
		{178FC3E1-1C9B-312B-ABE5-4B3F01703327}.RelWithDebInfo|x64.Build.0 = RelWithDebInfo|x64
		{2C4BA761-FFFD-30BD-8785-9ADA0BD45D5C}.Debug|x64.ActiveCfg = Debug|x64
		{2C4BA761-FFFD-30BD-8785-9ADA0BD45D5C}.Debug|x64.Build.0 = Debug|x64
		{2C4BA761-FFFD-30BD-8785-9ADA0BD45D5C}.Release|x64.ActiveCfg = Release|x64
		{2C4BA761-FFFD-30BD-8785-9ADA0BD45D5C}.Release|x64.Build.0 = Release|x64
		{2C4BA761-FFFD-30BD-8785-9ADA0BD45D5C}.MinSizeRel|x64.ActiveCfg = MinSizeRel|x64
		{2C4BA761-FFFD-30BD-8785-9ADA0BD45D5C}.MinSizeRel|x64.Build.0 = MinSizeRel|x64
		{2C4BA761-FFFD-30BD-8785-9ADA0BD45D5C}.RelWithDebInfo|x64.ActiveCfg = RelWithDebInfo|x64
		{2C4BA761-FFFD-30BD-8785-9ADA0BD45D5C}.RelWithDebInfo|x64.Build.0 = RelWithDebInfo|x64
		{0CB6216E-3635-39B2-AD85-07BAEDB1E2D0}.Debug|x64.ActiveCfg = Debug|x64
		{0CB6216E-3635-39B2-AD85-07BAEDB1E2D0}.Debug|x64.Build.0 = Debug|x64
		{0CB6216E-3635-39B2-AD85-07BAEDB1E2D0}.Release|x64.ActiveCfg = Release|x64
		{0CB6216E-3635-39B2-AD85-07BAEDB1E2D0}.Release|x64.Build.0 = Release|x64
		{0CB6216E-3635-39B2-AD85-07BAEDB1E2D0}.MinSizeRel|x64.ActiveCfg = MinSizeRel|x64
		{0CB6216E-3635-39B2-AD85-07BAEDB1E2D0}.MinSizeRel|x64.Build.0 = MinSizeRel|x64
		{0CB6216E-3635-39B2-AD85-07BAEDB1E2D0}.RelWithDebInfo|x64.ActiveCfg = RelWithDebInfo|x64
		{0CB6216E-3635-39B2-AD85-07BAEDB1E2D0}.RelWithDebInfo|x64.Build.0 = RelWithDebInfo|x64
		{3B0824C5-6810-3264-8B53-1508284AC3C4}.Debug|x64.ActiveCfg = Debug|x64
		{3B0824C5-6810-3264-8B53-1508284AC3C4}.Debug|x64.Build.0 = Debug|x64
		{3B0824C5-6810-3264-8B53-1508284AC3C4}.Release|x64.ActiveCfg = Release|x64
		{3B0824C5-6810-3264-8B53-1508284AC3C4}.Release|x64.Build.0 = Release|x64
		{3B0824C5-6810-3264-8B53-1508284AC3C4}.MinSizeRel|x64.ActiveCfg = MinSizeRel|x64
		{3B0824C5-6810-3264-8B53-1508284AC3C4}.MinSizeRel|x64.Build.0 = MinSizeRel|x64
		{3B0824C5-6810-3264-8B53-1508284AC3C4}.RelWithDebInfo|x64.ActiveCfg = RelWithDebInfo|x64
		{3B0824C5-6810-3264-8B53-1508284AC3C4}.RelWithDebInfo|x64.Build.0 = RelWithDebInfo|x64
		{91501B08-CA66-360D-91DA-EC526AB72FE3}.Debug|x64.ActiveCfg = Debug|x64
		{91501B08-CA66-360D-91DA-EC526AB72FE3}.Debug|x64.Build.0 = Debug|x64
		{91501B08-CA66-360D-91DA-EC526AB72FE3}.Release|x64.ActiveCfg = Release|x64
		{91501B08-CA66-360D-91DA-EC526AB72FE3}.Release|x64.Build.0 = Release|x64
		{91501B08-CA66-360D-91DA-EC526AB72FE3}.MinSizeRel|x64.ActiveCfg = MinSizeRel|x64
		{91501B08-CA66-360D-91DA-EC526AB72FE3}.MinSizeRel|x64.Build.0 = MinSizeRel|x64
		{91501B08-CA66-360D-91DA-EC526AB72FE3}.RelWithDebInfo|x64.ActiveCfg = RelWithDebInfo|x64
		{91501B08-CA66-360D-91DA-EC526AB72FE3}.RelWithDebInfo|x64.Build.0 = RelWithDebInfo|x64
		{F0975268-F179-39D5-942C-A7FE778C4228}.Debug|x64.ActiveCfg = Debug|x64
		{F0975268-F179-39D5-942C-A7FE778C4228}.Release|x64.ActiveCfg = Release|x64
		{F0975268-F179-39D5-942C-A7FE778C4228}.MinSizeRel|x64.ActiveCfg = MinSizeRel|x64
		{F0975268-F179-39D5-942C-A7FE778C4228}.RelWithDebInfo|x64.ActiveCfg = RelWithDebInfo|x64
		{103AA357-226F-372B-A5E8-18FB61578FE7}.Debug|x64.ActiveCfg = Debug|x64
		{103AA357-226F-372B-A5E8-18FB61578FE7}.Debug|x64.Build.0 = Debug|x64
		{103AA357-226F-372B-A5E8-18FB61578FE7}.Release|x64.ActiveCfg = Release|x64
		{103AA357-226F-372B-A5E8-18FB61578FE7}.Release|x64.Build.0 = Release|x64
		{103AA357-226F-372B-A5E8-18FB61578FE7}.MinSizeRel|x64.ActiveCfg = MinSizeRel|x64
		{103AA357-226F-372B-A5E8-18FB61578FE7}.MinSizeRel|x64.Build.0 = MinSizeRel|x64
		{103AA357-226F-372B-A5E8-18FB61578FE7}.RelWithDebInfo|x64.ActiveCfg = RelWithDebInfo|x64
		{103AA357-226F-372B-A5E8-18FB61578FE7}.RelWithDebInfo|x64.Build.0 = RelWithDebInfo|x64
		{068FE294-78C2-31A2-9369-F4606AF09666}.Debug|x64.ActiveCfg = Debug|x64
		{068FE294-78C2-31A2-9369-F4606AF09666}.Debug|x64.Build.0 = Debug|x64
		{068FE294-78C2-31A2-9369-F4606AF09666}.Release|x64.ActiveCfg = Release|x64
		{068FE294-78C2-31A2-9369-F4606AF09666}.Release|x64.Build.0 = Release|x64
		{068FE294-78C2-31A2-9369-F4606AF09666}.MinSizeRel|x64.ActiveCfg = MinSizeRel|x64
		{068FE294-78C2-31A2-9369-F4606AF09666}.MinSizeRel|x64.Build.0 = MinSizeRel|x64
		{068FE294-78C2-31A2-9369-F4606AF09666}.RelWithDebInfo|x64.ActiveCfg = RelWithDebInfo|x64
		{068FE294-78C2-31A2-9369-F4606AF09666}.RelWithDebInfo|x64.Build.0 = RelWithDebInfo|x64
		{005F8E7C-B0F8-3FA2-8603-37AF0F655911}.Debug|x64.ActiveCfg = Debug|x64
		{005F8E7C-B0F8-3FA2-8603-37AF0F655911}.Debug|x64.Build.0 = Debug|x64
		{005F8E7C-B0F8-3FA2-8603-37AF0F655911}.Release|x64.ActiveCfg = Release|x64
		{005F8E7C-B0F8-3FA2-8603-37AF0F655911}.Release|x64.Build.0 = Release|x64
		{005F8E7C-B0F8-3FA2-8603-37AF0F655911}.MinSizeRel|x64.ActiveCfg = MinSizeRel|x64
		{005F8E7C-B0F8-3FA2-8603-37AF0F655911}.MinSizeRel|x64.Build.0 = MinSizeRel|x64
		{005F8E7C-B0F8-3FA2-8603-37AF0F655911}.RelWithDebInfo|x64.ActiveCfg = RelWithDebInfo|x64
		{005F8E7C-B0F8-3FA2-8603-37AF0F655911}.RelWithDebInfo|x64.Build.0 = RelWithDebInfo|x64
	EndGlobalSection
	GlobalSection(NestedProjects) = preSolution
		{CE5E8D24-C225-3C04-8A34-355859A29CE8} = {6EFE4FCF-7EB9-3D87-96A4-B1FCD297A20E}
		{5AC33557-A69D-3E09-B57F-F6164A6CFE10} = {6EFE4FCF-7EB9-3D87-96A4-B1FCD297A20E}
		{7AD41B32-C446-3A86-9E86-08203C9975CD} = {6EFE4FCF-7EB9-3D87-96A4-B1FCD297A20E}
		{86CCF0F8-3E51-3551-AF8B-D6E73B5B89B3} = {14D6D8B7-B1B3-397E-8F10-8C5AFA3310FD}
		{16A74CBD-4D51-334E-AC56-2731A1409B96} = {14D6D8B7-B1B3-397E-8F10-8C5AFA3310FD}
		{485EAE47-A81D-3E5C-BEB5-4366FA428900} = {14D6D8B7-B1B3-397E-8F10-8C5AFA3310FD}
		{EA4A3F87-144F-3921-94A2-0C7173AB75A9} = {86CCF0F8-3E51-3551-AF8B-D6E73B5B89B3}
		{70DC9607-03E8-3F24-A4B2-AED22B46E7A0} = {86CCF0F8-3E51-3551-AF8B-D6E73B5B89B3}
		{3A7B8670-6B35-3DBD-9C8C-5D29183BFE4E} = {86CCF0F8-3E51-3551-AF8B-D6E73B5B89B3}
		{BA5BEAF4-00C2-34BC-96D0-C36A3BBB13A7} = {86CCF0F8-3E51-3551-AF8B-D6E73B5B89B3}
		{CD0ECF2A-2BC7-32CE-90A3-D2F49E4D2569} = {86CCF0F8-3E51-3551-AF8B-D6E73B5B89B3}
		{7C6C84B1-DEC3-37C2-A0D8-56610BFFC59B} = {86CCF0F8-3E51-3551-AF8B-D6E73B5B89B3}
		{103AA357-226F-372B-A5E8-18FB61578FE7} = {86CCF0F8-3E51-3551-AF8B-D6E73B5B89B3}
		{A56002CF-317B-39DD-889A-9EE673E97042} = {16A74CBD-4D51-334E-AC56-2731A1409B96}
		{4D0FC816-6359-38E8-9B36-73B883F2B4D2} = {16A74CBD-4D51-334E-AC56-2731A1409B96}
		{FDCE5E03-AF67-3D5D-A56A-AEFECCF7109A} = {16A74CBD-4D51-334E-AC56-2731A1409B96}
		{B7970E31-C55C-3090-AD76-C06CB5697E12} = {16A74CBD-4D51-334E-AC56-2731A1409B96}
		{C6608A3B-A579-3A67-AE8A-E01111A364BE} = {16A74CBD-4D51-334E-AC56-2731A1409B96}
		{C3EF2EE8-6876-3788-AA49-A4831CE44295} = {16A74CBD-4D51-334E-AC56-2731A1409B96}
		{3BD86F75-D90C-30CD-93F2-76D484A5DFFB} = {16A74CBD-4D51-334E-AC56-2731A1409B96}
		{8851E8C6-76F4-3135-8905-B5DF82F26548} = {16A74CBD-4D51-334E-AC56-2731A1409B96}
		{8EACB996-0127-3682-9618-DC79887770E5} = {16A74CBD-4D51-334E-AC56-2731A1409B96}
		{16487883-61E7-33A6-B348-C715E38CF9DA} = {16A74CBD-4D51-334E-AC56-2731A1409B96}
		{35A132FA-6316-37C9-966B-3A8214C2B51B} = {16A74CBD-4D51-334E-AC56-2731A1409B96}
		{50DCD2E6-4072-33D6-BEF4-DB17BBEDF726} = {16A74CBD-4D51-334E-AC56-2731A1409B96}
		{19E0D10D-2CC4-325B-B28F-E92CFDEB42B4} = {16A74CBD-4D51-334E-AC56-2731A1409B96}
		{ED4D4A6E-8184-3518-9FC0-75ACF067EA0F} = {16A74CBD-4D51-334E-AC56-2731A1409B96}
		{ADDE39B7-0EFB-3DCA-B8B1-37B05CAF6CE2} = {16A74CBD-4D51-334E-AC56-2731A1409B96}
		{068FE294-78C2-31A2-9369-F4606AF09666} = {16A74CBD-4D51-334E-AC56-2731A1409B96}
	EndGlobalSection
	GlobalSection(ExtensibilityGlobals) = postSolution
		SolutionGuid = {61054193-D917-3A49-A026-AF2C3749A6ED}
	EndGlobalSection
	GlobalSection(ExtensibilityAddIns) = postSolution
	EndGlobalSection
EndGlobal
